// !$*UTF8*$!
{
	archiveVersion = 1;
	classes = {
	};
	objectVersion = 46;
	objects = {

/* Begin PBXBuildFile section */
		03EAF3792B73D02500D1C5B5 /* AppDelegate.swift in Sources */ = {isa = PBXBuildFile; fileRef = 03EAF3782B73D02500D1C5B5 /* AppDelegate.swift */; };
		03EAF37B2B73D02500D1C5B5 /* GameViewController.swift in Sources */ = {isa = PBXBuildFile; fileRef = 03EAF37A2B73D02500D1C5B5 /* GameViewController.swift */; };
		03EAF3822B73D02500D1C5B5 /* Assets.xcassets in Resources */ = {isa = PBXBuildFile; fileRef = 03EAF3812B73D02500D1C5B5 /* Assets.xcassets */; };
		03EAF3852B73D02500D1C5B5 /* Main.storyboard in Resources */ = {isa = PBXBuildFile; fileRef = 03EAF3832B73D02500D1C5B5 /* Main.storyboard */; };
		03EAF38A2B73D03B00D1C5B5 /* CoreRenderer.swift in Sources */ = {isa = PBXBuildFile; fileRef = 03EAF2E72B73CE1A00D1C5B5 /* CoreRenderer.swift */; };
		03EAF38B2B73D03E00D1C5B5 /* RenderResources.swift in Sources */ = {isa = PBXBuildFile; fileRef = 03EAF2E52B73CE1A00D1C5B5 /* RenderResources.swift */; };
		03EAF38C2B73D04100D1C5B5 /* Globals.swift in Sources */ = {isa = PBXBuildFile; fileRef = 03EAF2E62B73CE1A00D1C5B5 /* Globals.swift */; };
		03EAF38D2B73D04600D1C5B5 /* FuncUtils.swift in Sources */ = {isa = PBXBuildFile; fileRef = 03EAF2E92B73CE1A00D1C5B5 /* FuncUtils.swift */; };
		03EAF38E2B73D04900D1C5B5 /* MathUtils.swift in Sources */ = {isa = PBXBuildFile; fileRef = 03EAF2EA2B73CE1A00D1C5B5 /* MathUtils.swift */; };
		03EAF38F2B73D04C00D1C5B5 /* Logger.swift in Sources */ = {isa = PBXBuildFile; fileRef = 03EAF2EB2B73CE1A00D1C5B5 /* Logger.swift */; };
		03EAF3902B73D04F00D1C5B5 /* Controller.swift in Sources */ = {isa = PBXBuildFile; fileRef = 03EAF2EC2B73CE1A00D1C5B5 /* Controller.swift */; };
		03EAF3912B73D05200D1C5B5 /* Camera.swift in Sources */ = {isa = PBXBuildFile; fileRef = 03EAF2ED2B73CE1A00D1C5B5 /* Camera.swift */; };
		03EAF3922B73D05A00D1C5B5 /* Scene.swift in Sources */ = {isa = PBXBuildFile; fileRef = 03EAF2EF2B73CE1A00D1C5B5 /* Scene.swift */; };
		03EAF3932B73D05D00D1C5B5 /* Entity.swift in Sources */ = {isa = PBXBuildFile; fileRef = 03EAF2F02B73CE1A00D1C5B5 /* Entity.swift */; };
		03EAF3952B73D06300D1C5B5 /* ComponentPool.swift in Sources */ = {isa = PBXBuildFile; fileRef = 03EAF2F22B73CE1A00D1C5B5 /* ComponentPool.swift */; };
		03EAF3962B73D06600D1C5B5 /* Components.swift in Sources */ = {isa = PBXBuildFile; fileRef = 03EAF2F32B73CE1A00D1C5B5 /* Components.swift */; };
		03EAF3A82B73D0BC00D1C5B5 /* ErrorHandlingSystem.swift in Sources */ = {isa = PBXBuildFile; fileRef = 03EAF3122B73CE1A00D1C5B5 /* ErrorHandlingSystem.swift */; };
		03EAF3A92B73D0BE00D1C5B5 /* AllocatorSystem.swift in Sources */ = {isa = PBXBuildFile; fileRef = 03EAF3132B73CE1A00D1C5B5 /* AllocatorSystem.swift */; };
		03EAF3AA2B73D0C100D1C5B5 /* PostProcessRenderPasses.swift in Sources */ = {isa = PBXBuildFile; fileRef = 03EAF3142B73CE1A00D1C5B5 /* PostProcessRenderPasses.swift */; };
		03EAF3AB2B73D0C400D1C5B5 /* MemoryPool.swift in Sources */ = {isa = PBXBuildFile; fileRef = 03EAF3152B73CE1A00D1C5B5 /* MemoryPool.swift */; };
		03EAF3AC2B73D0C700D1C5B5 /* GraphBuilder.swift in Sources */ = {isa = PBXBuildFile; fileRef = 03EAF3162B73CE1A00D1C5B5 /* GraphBuilder.swift */; };
		03EAF3AD2B73D0CA00D1C5B5 /* LightingSystem.swift in Sources */ = {isa = PBXBuildFile; fileRef = 03EAF3172B73CE1A00D1C5B5 /* LightingSystem.swift */; };
		03EAF3AE2B73D0CC00D1C5B5 /* CoreRenderPasses.swift in Sources */ = {isa = PBXBuildFile; fileRef = 03EAF3182B73CE1A00D1C5B5 /* CoreRenderPasses.swift */; };
		03EAF3AF2B73D0CF00D1C5B5 /* CoreRenderInitializer.swift in Sources */ = {isa = PBXBuildFile; fileRef = 03EAF3192B73CE1A00D1C5B5 /* CoreRenderInitializer.swift */; };
		03EAF3C02B741E7400D1C5B5 /* GameScene.swift in Sources */ = {isa = PBXBuildFile; fileRef = 03EAF3BF2B741E7400D1C5B5 /* GameScene.swift */; };
		03EAF3E42B751C2E00D1C5B5 /* TransformSystem.swift in Sources */ = {isa = PBXBuildFile; fileRef = 03EAF3E32B751C2E00D1C5B5 /* TransformSystem.swift */; };
		03EAF3E82B7599FA00D1C5B5 /* UntoldEngineKernels.metallib in Resources */ = {isa = PBXBuildFile; fileRef = 03EAF3E72B7599FA00D1C5B5 /* UntoldEngineKernels.metallib */; };
		03EAF3ED2B766F8400D1C5B5 /* floor.json in Resources */ = {isa = PBXBuildFile; fileRef = 03EAF3EB2B766F8400D1C5B5 /* floor.json */; };
		03EAF3EE2B766F8400D1C5B5 /* bot1.json in Resources */ = {isa = PBXBuildFile; fileRef = 03EAF3EC2B766F8400D1C5B5 /* bot1.json */; };
/* End PBXBuildFile section */

/* Begin PBXFileReference section */
		03722D872029F4280080D069 /* UntoldEngine-Prefix.pch */ = {isa = PBXFileReference; lastKnownFileType = sourcecode.c.h; path = "UntoldEngine-Prefix.pch"; sourceTree = "<group>"; };
		03759B38175B0135002EB5D9 /* UIKit.framework */ = {isa = PBXFileReference; lastKnownFileType = wrapper.framework; name = UIKit.framework; path = System/Library/Frameworks/UIKit.framework; sourceTree = SDKROOT; };
		03759B3A175B0135002EB5D9 /* Foundation.framework */ = {isa = PBXFileReference; lastKnownFileType = wrapper.framework; name = Foundation.framework; path = System/Library/Frameworks/Foundation.framework; sourceTree = SDKROOT; };
		0376618627558F240098E008 /* ARKit.framework */ = {isa = PBXFileReference; lastKnownFileType = wrapper.framework; name = ARKit.framework; path = System/Library/Frameworks/ARKit.framework; sourceTree = SDKROOT; };
		039B94AD2AC785670047D1A1 /* puppy.json */ = {isa = PBXFileReference; fileEncoding = 4; lastKnownFileType = text.json; path = puppy.json; sourceTree = "<group>"; };
		039B94AE2AC785670047D1A1 /* puppy2.json */ = {isa = PBXFileReference; fileEncoding = 4; lastKnownFileType = text.json; path = puppy2.json; sourceTree = "<group>"; };
		039B94AF2AC785670047D1A1 /* puppy3.json */ = {isa = PBXFileReference; fileEncoding = 4; lastKnownFileType = text.json; path = puppy3.json; sourceTree = "<group>"; };
		039B94B02AC785670047D1A1 /* floorchunk.json */ = {isa = PBXFileReference; fileEncoding = 4; lastKnownFileType = text.json; path = floorchunk.json; sourceTree = "<group>"; };
		039B94B12AC785670047D1A1 /* gameboyvoxel.json */ = {isa = PBXFileReference; fileEncoding = 4; lastKnownFileType = text.json; path = gameboyvoxel.json; sourceTree = "<group>"; };
		03EAF2E52B73CE1A00D1C5B5 /* RenderResources.swift */ = {isa = PBXFileReference; fileEncoding = 4; lastKnownFileType = sourcecode.swift; path = RenderResources.swift; sourceTree = "<group>"; };
		03EAF2E62B73CE1A00D1C5B5 /* Globals.swift */ = {isa = PBXFileReference; fileEncoding = 4; lastKnownFileType = sourcecode.swift; path = Globals.swift; sourceTree = "<group>"; };
		03EAF2E72B73CE1A00D1C5B5 /* CoreRenderer.swift */ = {isa = PBXFileReference; fileEncoding = 4; lastKnownFileType = sourcecode.swift; path = CoreRenderer.swift; sourceTree = "<group>"; };
		03EAF2E92B73CE1A00D1C5B5 /* FuncUtils.swift */ = {isa = PBXFileReference; fileEncoding = 4; lastKnownFileType = sourcecode.swift; path = FuncUtils.swift; sourceTree = "<group>"; };
		03EAF2EA2B73CE1A00D1C5B5 /* MathUtils.swift */ = {isa = PBXFileReference; fileEncoding = 4; lastKnownFileType = sourcecode.swift; path = MathUtils.swift; sourceTree = "<group>"; };
		03EAF2EB2B73CE1A00D1C5B5 /* Logger.swift */ = {isa = PBXFileReference; fileEncoding = 4; lastKnownFileType = sourcecode.swift; path = Logger.swift; sourceTree = "<group>"; };
		03EAF2EC2B73CE1A00D1C5B5 /* Controller.swift */ = {isa = PBXFileReference; fileEncoding = 4; lastKnownFileType = sourcecode.swift; path = Controller.swift; sourceTree = "<group>"; };
		03EAF2ED2B73CE1A00D1C5B5 /* Camera.swift */ = {isa = PBXFileReference; fileEncoding = 4; lastKnownFileType = sourcecode.swift; path = Camera.swift; sourceTree = "<group>"; };
		03EAF2EF2B73CE1A00D1C5B5 /* Scene.swift */ = {isa = PBXFileReference; fileEncoding = 4; lastKnownFileType = sourcecode.swift; path = Scene.swift; sourceTree = "<group>"; };
		03EAF2F02B73CE1A00D1C5B5 /* Entity.swift */ = {isa = PBXFileReference; fileEncoding = 4; lastKnownFileType = sourcecode.swift; path = Entity.swift; sourceTree = "<group>"; };
		03EAF2F22B73CE1A00D1C5B5 /* ComponentPool.swift */ = {isa = PBXFileReference; fileEncoding = 4; lastKnownFileType = sourcecode.swift; path = ComponentPool.swift; sourceTree = "<group>"; };
		03EAF2F32B73CE1A00D1C5B5 /* Components.swift */ = {isa = PBXFileReference; fileEncoding = 4; lastKnownFileType = sourcecode.swift; path = Components.swift; sourceTree = "<group>"; };
		03EAF3122B73CE1A00D1C5B5 /* ErrorHandlingSystem.swift */ = {isa = PBXFileReference; fileEncoding = 4; lastKnownFileType = sourcecode.swift; path = ErrorHandlingSystem.swift; sourceTree = "<group>"; };
		03EAF3132B73CE1A00D1C5B5 /* AllocatorSystem.swift */ = {isa = PBXFileReference; fileEncoding = 4; lastKnownFileType = sourcecode.swift; path = AllocatorSystem.swift; sourceTree = "<group>"; };
		03EAF3142B73CE1A00D1C5B5 /* PostProcessRenderPasses.swift */ = {isa = PBXFileReference; fileEncoding = 4; lastKnownFileType = sourcecode.swift; path = PostProcessRenderPasses.swift; sourceTree = "<group>"; };
		03EAF3152B73CE1A00D1C5B5 /* MemoryPool.swift */ = {isa = PBXFileReference; fileEncoding = 4; lastKnownFileType = sourcecode.swift; path = MemoryPool.swift; sourceTree = "<group>"; };
		03EAF3162B73CE1A00D1C5B5 /* GraphBuilder.swift */ = {isa = PBXFileReference; fileEncoding = 4; lastKnownFileType = sourcecode.swift; path = GraphBuilder.swift; sourceTree = "<group>"; };
		03EAF3172B73CE1A00D1C5B5 /* LightingSystem.swift */ = {isa = PBXFileReference; fileEncoding = 4; lastKnownFileType = sourcecode.swift; path = LightingSystem.swift; sourceTree = "<group>"; };
		03EAF3182B73CE1A00D1C5B5 /* CoreRenderPasses.swift */ = {isa = PBXFileReference; fileEncoding = 4; lastKnownFileType = sourcecode.swift; path = CoreRenderPasses.swift; sourceTree = "<group>"; };
		03EAF3192B73CE1A00D1C5B5 /* CoreRenderInitializer.swift */ = {isa = PBXFileReference; fileEncoding = 4; lastKnownFileType = sourcecode.swift; path = CoreRenderInitializer.swift; sourceTree = "<group>"; };
		03EAF3762B73D02400D1C5B5 /* Mac_Untold.app */ = {isa = PBXFileReference; explicitFileType = wrapper.application; includeInIndex = 0; path = Mac_Untold.app; sourceTree = BUILT_PRODUCTS_DIR; };
		03EAF3782B73D02500D1C5B5 /* AppDelegate.swift */ = {isa = PBXFileReference; lastKnownFileType = sourcecode.swift; path = AppDelegate.swift; sourceTree = "<group>"; };
		03EAF37A2B73D02500D1C5B5 /* GameViewController.swift */ = {isa = PBXFileReference; lastKnownFileType = sourcecode.swift; path = GameViewController.swift; sourceTree = "<group>"; };
		03EAF3812B73D02500D1C5B5 /* Assets.xcassets */ = {isa = PBXFileReference; lastKnownFileType = folder.assetcatalog; path = Assets.xcassets; sourceTree = "<group>"; };
		03EAF3842B73D02500D1C5B5 /* Base */ = {isa = PBXFileReference; lastKnownFileType = file.storyboard; name = Base; path = Base.lproj/Main.storyboard; sourceTree = "<group>"; };
		03EAF3862B73D02500D1C5B5 /* Mac_Untold.entitlements */ = {isa = PBXFileReference; lastKnownFileType = text.plist.entitlements; path = Mac_Untold.entitlements; sourceTree = "<group>"; };
		03EAF3BF2B741E7400D1C5B5 /* GameScene.swift */ = {isa = PBXFileReference; fileEncoding = 4; lastKnownFileType = sourcecode.swift; path = GameScene.swift; sourceTree = "<group>"; };
		03EAF3E32B751C2E00D1C5B5 /* TransformSystem.swift */ = {isa = PBXFileReference; lastKnownFileType = sourcecode.swift; path = TransformSystem.swift; sourceTree = "<group>"; };
		03EAF3E72B7599FA00D1C5B5 /* UntoldEngineKernels.metallib */ = {isa = PBXFileReference; lastKnownFileType = "archive.metal-library"; path = UntoldEngineKernels.metallib; sourceTree = "<group>"; };
		03EAF3EB2B766F8400D1C5B5 /* floor.json */ = {isa = PBXFileReference; lastKnownFileType = text.json; path = floor.json; sourceTree = "<group>"; };
		03EAF3EC2B766F8400D1C5B5 /* bot1.json */ = {isa = PBXFileReference; lastKnownFileType = text.json; path = bot1.json; sourceTree = "<group>"; };
		03F2DABF1F1911CA00F77B78 /* Metal.framework */ = {isa = PBXFileReference; lastKnownFileType = wrapper.framework; name = Metal.framework; path = System/Library/Frameworks/Metal.framework; sourceTree = SDKROOT; };
		03F2DAC11F1911D000F77B78 /* MetalKit.framework */ = {isa = PBXFileReference; lastKnownFileType = wrapper.framework; name = MetalKit.framework; path = System/Library/Frameworks/MetalKit.framework; sourceTree = SDKROOT; };
		03F2DB201F19471300F77B78 /* QuartzCore.framework */ = {isa = PBXFileReference; lastKnownFileType = wrapper.framework; name = QuartzCore.framework; path = System/Library/Frameworks/QuartzCore.framework; sourceTree = SDKROOT; };
/* End PBXFileReference section */

/* Begin PBXFrameworksBuildPhase section */
		03EAF3732B73D02400D1C5B5 /* Frameworks */ = {
			isa = PBXFrameworksBuildPhase;
			buildActionMask = 2147483647;
			files = (
			);
			runOnlyForDeploymentPostprocessing = 0;
		};
/* End PBXFrameworksBuildPhase section */

/* Begin PBXGroup section */
		03759B29175B0135002EB5D9 = {
			isa = PBXGroup;
			children = (
				03EAF3EC2B766F8400D1C5B5 /* bot1.json */,
				03EAF3EB2B766F8400D1C5B5 /* floor.json */,
				03722D872029F4280080D069 /* UntoldEngine-Prefix.pch */,
				03EAF2E32B73CE1A00D1C5B5 /* UntoldEngineCore */,
				037E2066192D3DED00D375F2 /* Resources */,
				03EAF3772B73D02500D1C5B5 /* Mac_Untold */,
				03759B37175B0135002EB5D9 /* Frameworks */,
				03759B35175B0135002EB5D9 /* Products */,
			);
			sourceTree = "<group>";
		};
		03759B35175B0135002EB5D9 /* Products */ = {
			isa = PBXGroup;
			children = (
				03EAF3762B73D02400D1C5B5 /* Mac_Untold.app */,
			);
			name = Products;
			sourceTree = "<group>";
		};
		03759B37175B0135002EB5D9 /* Frameworks */ = {
			isa = PBXGroup;
			children = (
				0376618627558F240098E008 /* ARKit.framework */,
				03F2DB201F19471300F77B78 /* QuartzCore.framework */,
				03F2DAC11F1911D000F77B78 /* MetalKit.framework */,
				03F2DABF1F1911CA00F77B78 /* Metal.framework */,
				03759B38175B0135002EB5D9 /* UIKit.framework */,
				03759B3A175B0135002EB5D9 /* Foundation.framework */,
			);
			name = Frameworks;
			sourceTree = "<group>";
		};
		037E2066192D3DED00D375F2 /* Resources */ = {
			isa = PBXGroup;
			children = (
				039B94B02AC785670047D1A1 /* floorchunk.json */,
				039B94B12AC785670047D1A1 /* gameboyvoxel.json */,
				039B94AD2AC785670047D1A1 /* puppy.json */,
				039B94AE2AC785670047D1A1 /* puppy2.json */,
				039B94AF2AC785670047D1A1 /* puppy3.json */,
			);
			path = Resources;
			sourceTree = "<group>";
		};
		03EAF2E32B73CE1A00D1C5B5 /* UntoldEngineCore */ = {
			isa = PBXGroup;
			children = (
				03EAF3E22B748F8400D1C5B5 /* RenderingSystem */,
				03EAF2EE2B73CE1A00D1C5B5 /* ECS */,
				03EAF3112B73CE1A00D1C5B5 /* Systems */,
				03EAF2E42B73CE1A00D1C5B5 /* RenderResources */,
				03EAF2E82B73CE1A00D1C5B5 /* Utils */,
				03EAF2F42B73CE1A00D1C5B5 /* UntoldEngineKernels */,
			);
			path = UntoldEngineCore;
			sourceTree = "<group>";
		};
		03EAF2E42B73CE1A00D1C5B5 /* RenderResources */ = {
			isa = PBXGroup;
			children = (
				03EAF2E72B73CE1A00D1C5B5 /* CoreRenderer.swift */,
				03EAF2E52B73CE1A00D1C5B5 /* RenderResources.swift */,
				03EAF2E62B73CE1A00D1C5B5 /* Globals.swift */,
			);
			path = RenderResources;
			sourceTree = "<group>";
		};
		03EAF2E82B73CE1A00D1C5B5 /* Utils */ = {
			isa = PBXGroup;
			children = (
				03EAF2E92B73CE1A00D1C5B5 /* FuncUtils.swift */,
				03EAF2EA2B73CE1A00D1C5B5 /* MathUtils.swift */,
				03EAF2EB2B73CE1A00D1C5B5 /* Logger.swift */,
				03EAF2EC2B73CE1A00D1C5B5 /* Controller.swift */,
				03EAF2ED2B73CE1A00D1C5B5 /* Camera.swift */,
			);
			path = Utils;
			sourceTree = "<group>";
		};
		03EAF2EE2B73CE1A00D1C5B5 /* ECS */ = {
			isa = PBXGroup;
			children = (
				03EAF2EF2B73CE1A00D1C5B5 /* Scene.swift */,
				03EAF2F02B73CE1A00D1C5B5 /* Entity.swift */,
				03EAF2F22B73CE1A00D1C5B5 /* ComponentPool.swift */,
				03EAF2F32B73CE1A00D1C5B5 /* Components.swift */,
			);
			path = ECS;
			sourceTree = "<group>";
		};
		03EAF2F42B73CE1A00D1C5B5 /* UntoldEngineKernels */ = {
			isa = PBXGroup;
			children = (
				03EAF3E72B7599FA00D1C5B5 /* UntoldEngineKernels.metallib */,
			);
			path = UntoldEngineKernels;
			sourceTree = "<group>";
		};
		03EAF3112B73CE1A00D1C5B5 /* Systems */ = {
			isa = PBXGroup;
			children = (
				03EAF3122B73CE1A00D1C5B5 /* ErrorHandlingSystem.swift */,
				03EAF3132B73CE1A00D1C5B5 /* AllocatorSystem.swift */,
				03EAF3152B73CE1A00D1C5B5 /* MemoryPool.swift */,
				03EAF3162B73CE1A00D1C5B5 /* GraphBuilder.swift */,
				03EAF3172B73CE1A00D1C5B5 /* LightingSystem.swift */,
				03EAF3E32B751C2E00D1C5B5 /* TransformSystem.swift */,
			);
			path = Systems;
			sourceTree = "<group>";
		};
		03EAF3772B73D02500D1C5B5 /* Mac_Untold */ = {
			isa = PBXGroup;
			children = (
				03EAF3782B73D02500D1C5B5 /* AppDelegate.swift */,
				03EAF37A2B73D02500D1C5B5 /* GameViewController.swift */,
				03EAF3BF2B741E7400D1C5B5 /* GameScene.swift */,
				03EAF3812B73D02500D1C5B5 /* Assets.xcassets */,
				03EAF3832B73D02500D1C5B5 /* Main.storyboard */,
				03EAF3862B73D02500D1C5B5 /* Mac_Untold.entitlements */,
			);
			path = Mac_Untold;
			sourceTree = "<group>";
		};
		03EAF3E22B748F8400D1C5B5 /* RenderingSystem */ = {
			isa = PBXGroup;
			children = (
				03EAF3182B73CE1A00D1C5B5 /* CoreRenderPasses.swift */,
				03EAF3192B73CE1A00D1C5B5 /* CoreRenderInitializer.swift */,
				03EAF3142B73CE1A00D1C5B5 /* PostProcessRenderPasses.swift */,
			);
			path = RenderingSystem;
			sourceTree = "<group>";
		};
/* End PBXGroup section */

/* Begin PBXNativeTarget section */
		03EAF3752B73D02400D1C5B5 /* Mac_Untold */ = {
			isa = PBXNativeTarget;
			buildConfigurationList = 03EAF3892B73D02500D1C5B5 /* Build configuration list for PBXNativeTarget "Mac_Untold" */;
			buildPhases = (
				03EAF3722B73D02400D1C5B5 /* Sources */,
				03EAF3732B73D02400D1C5B5 /* Frameworks */,
				03EAF3B92B73D2E800D1C5B5 /* ShellScript */,
				03EAF3742B73D02400D1C5B5 /* Resources */,
			);
			buildRules = (
			);
			dependencies = (
			);
			name = Mac_Untold;
			productName = Mac_Untold;
			productReference = 03EAF3762B73D02400D1C5B5 /* Mac_Untold.app */;
			productType = "com.apple.product-type.application";
		};
/* End PBXNativeTarget section */

/* Begin PBXProject section */
		03759B2B175B0135002EB5D9 /* Project object */ = {
			isa = PBXProject;
			attributes = {
				LastSwiftUpdateCheck = 1520;
				LastUpgradeCheck = 0810;
				ORGANIZATIONNAME = "Untold Engine Studios";
				TargetAttributes = {
					03EAF3752B73D02400D1C5B5 = {
						CreatedOnToolsVersion = 15.2;
						DevelopmentTeam = PXXZLXYJ26;
						ProvisioningStyle = Automatic;
					};
				};
			};
			buildConfigurationList = 03759B2E175B0135002EB5D9 /* Build configuration list for PBXProject "UntoldEngine" */;
			compatibilityVersion = "Xcode 3.2";
			developmentRegion = English;
			hasScannedForEncodings = 0;
			knownRegions = (
				English,
				en,
				Base,
			);
			mainGroup = 03759B29175B0135002EB5D9;
			productRefGroup = 03759B35175B0135002EB5D9 /* Products */;
			projectDirPath = "";
			projectRoot = "";
			targets = (
				03EAF3752B73D02400D1C5B5 /* Mac_Untold */,
			);
		};
/* End PBXProject section */

/* Begin PBXResourcesBuildPhase section */
		03EAF3742B73D02400D1C5B5 /* Resources */ = {
			isa = PBXResourcesBuildPhase;
			buildActionMask = 2147483647;
			files = (
				03EAF3822B73D02500D1C5B5 /* Assets.xcassets in Resources */,
				03EAF3E82B7599FA00D1C5B5 /* UntoldEngineKernels.metallib in Resources */,
				03EAF3ED2B766F8400D1C5B5 /* floor.json in Resources */,
				03EAF3EE2B766F8400D1C5B5 /* bot1.json in Resources */,
				03EAF3852B73D02500D1C5B5 /* Main.storyboard in Resources */,
			);
			runOnlyForDeploymentPostprocessing = 0;
		};
/* End PBXResourcesBuildPhase section */

/* Begin PBXShellScriptBuildPhase section */
		03EAF3B92B73D2E800D1C5B5 /* ShellScript */ = {
			isa = PBXShellScriptBuildPhase;
			buildActionMask = 2147483647;
			files = (
			);
			inputFileListPaths = (
			);
			inputPaths = (
			);
			outputFileListPaths = (
			);
			outputPaths = (
			);
			runOnlyForDeploymentPostprocessing = 0;
			shellPath = /bin/sh;
			shellScript = "# Type a script or drag a script file from your workspace to insert its path.\n";
		};
/* End PBXShellScriptBuildPhase section */

/* Begin PBXSourcesBuildPhase section */
		03EAF3722B73D02400D1C5B5 /* Sources */ = {
			isa = PBXSourcesBuildPhase;
			buildActionMask = 2147483647;
			files = (
				03EAF3AA2B73D0C100D1C5B5 /* PostProcessRenderPasses.swift in Sources */,
				03EAF3E42B751C2E00D1C5B5 /* TransformSystem.swift in Sources */,
				03EAF3AE2B73D0CC00D1C5B5 /* CoreRenderPasses.swift in Sources */,
				03EAF3AC2B73D0C700D1C5B5 /* GraphBuilder.swift in Sources */,
				03EAF38E2B73D04900D1C5B5 /* MathUtils.swift in Sources */,
				03EAF3A92B73D0BE00D1C5B5 /* AllocatorSystem.swift in Sources */,
				03EAF3932B73D05D00D1C5B5 /* Entity.swift in Sources */,
				03EAF3902B73D04F00D1C5B5 /* Controller.swift in Sources */,
				03EAF37B2B73D02500D1C5B5 /* GameViewController.swift in Sources */,
				03EAF3C02B741E7400D1C5B5 /* GameScene.swift in Sources */,
				03EAF3922B73D05A00D1C5B5 /* Scene.swift in Sources */,
				03EAF3AD2B73D0CA00D1C5B5 /* LightingSystem.swift in Sources */,
				03EAF3792B73D02500D1C5B5 /* AppDelegate.swift in Sources */,
				03EAF3AF2B73D0CF00D1C5B5 /* CoreRenderInitializer.swift in Sources */,
				03EAF38F2B73D04C00D1C5B5 /* Logger.swift in Sources */,
				03EAF38A2B73D03B00D1C5B5 /* CoreRenderer.swift in Sources */,
				03EAF3952B73D06300D1C5B5 /* ComponentPool.swift in Sources */,
				03EAF3912B73D05200D1C5B5 /* Camera.swift in Sources */,
				03EAF3AB2B73D0C400D1C5B5 /* MemoryPool.swift in Sources */,
				03EAF38C2B73D04100D1C5B5 /* Globals.swift in Sources */,
				03EAF38B2B73D03E00D1C5B5 /* RenderResources.swift in Sources */,
				03EAF38D2B73D04600D1C5B5 /* FuncUtils.swift in Sources */,
				03EAF3962B73D06600D1C5B5 /* Components.swift in Sources */,
				03EAF3A82B73D0BC00D1C5B5 /* ErrorHandlingSystem.swift in Sources */,
			);
			runOnlyForDeploymentPostprocessing = 0;
		};
/* End PBXSourcesBuildPhase section */

/* Begin PBXVariantGroup section */
		03EAF3832B73D02500D1C5B5 /* Main.storyboard */ = {
			isa = PBXVariantGroup;
			children = (
				03EAF3842B73D02500D1C5B5 /* Base */,
			);
			name = Main.storyboard;
			sourceTree = "<group>";
		};
/* End PBXVariantGroup section */

/* Begin XCBuildConfiguration section */
		03759B61175B0135002EB5D9 /* Debug */ = {
			isa = XCBuildConfiguration;
			buildSettings = {
				ALWAYS_SEARCH_USER_PATHS = NO;
				CLANG_CXX_LANGUAGE_STANDARD = "gnu++0x";
				CLANG_CXX_LIBRARY = "libc++";
				CLANG_WARN_BOOL_CONVERSION = YES;
				CLANG_WARN_CONSTANT_CONVERSION = YES;
				CLANG_WARN_EMPTY_BODY = YES;
				CLANG_WARN_ENUM_CONVERSION = YES;
				CLANG_WARN_INFINITE_RECURSION = YES;
				CLANG_WARN_INT_CONVERSION = YES;
				CLANG_WARN_SUSPICIOUS_MOVE = YES;
				CLANG_WARN_UNREACHABLE_CODE = YES;
				CLANG_WARN__DUPLICATE_METHOD_MATCH = YES;
				"CODE_SIGN_IDENTITY[sdk=iphoneos*]" = "iPhone Developer";
				COMPRESS_PNG_FILES = NO;
				COPY_PHASE_STRIP = NO;
				ENABLE_STRICT_OBJC_MSGSEND = YES;
				ENABLE_TESTABILITY = YES;
				GCC_C_LANGUAGE_STANDARD = gnu99;
				GCC_DYNAMIC_NO_PIC = NO;
				GCC_NO_COMMON_BLOCKS = YES;
				GCC_OPTIMIZATION_LEVEL = 0;
				GCC_PREFIX_HEADER = "$(SRCROOT)/$(PROJECT_NAME)/UntoldEngine-Prefix.pch";
				GCC_PREPROCESSOR_DEFINITIONS = (
					"DEBUG=1",
					"$(inherited)",
				);
				GCC_SYMBOLS_PRIVATE_EXTERN = NO;
				GCC_WARN_64_TO_32_BIT_CONVERSION = YES;
				GCC_WARN_ABOUT_RETURN_TYPE = YES;
				GCC_WARN_UNDECLARED_SELECTOR = YES;
				GCC_WARN_UNINITIALIZED_AUTOS = YES;
				GCC_WARN_UNUSED_FUNCTION = YES;
				GCC_WARN_UNUSED_VARIABLE = YES;
				IPHONEOS_DEPLOYMENT_TARGET = 11.0;
				MACOSX_DEPLOYMENT_TARGET = 13.3;
				MTL_IGNORE_WARNINGS = NO;
				ONLY_ACTIVE_ARCH = YES;
				"PROVISIONING_PROFILE[sdk=iphoneos*]" = "";
				SDKROOT = iphoneos;
				STRIP_PNG_TEXT = NO;
				TARGETED_DEVICE_FAMILY = "1,2";
			};
			name = Debug;
		};
		03759B62175B0135002EB5D9 /* Release */ = {
			isa = XCBuildConfiguration;
			buildSettings = {
				ALWAYS_SEARCH_USER_PATHS = NO;
				CLANG_CXX_LANGUAGE_STANDARD = "gnu++0x";
				CLANG_CXX_LIBRARY = "libc++";
				CLANG_WARN_BOOL_CONVERSION = YES;
				CLANG_WARN_CONSTANT_CONVERSION = YES;
				CLANG_WARN_EMPTY_BODY = YES;
				CLANG_WARN_ENUM_CONVERSION = YES;
				CLANG_WARN_INFINITE_RECURSION = YES;
				CLANG_WARN_INT_CONVERSION = YES;
				CLANG_WARN_SUSPICIOUS_MOVE = YES;
				CLANG_WARN_UNREACHABLE_CODE = YES;
				CLANG_WARN__DUPLICATE_METHOD_MATCH = YES;
				"CODE_SIGN_IDENTITY[sdk=iphoneos*]" = "iPhone Developer";
				COMPRESS_PNG_FILES = NO;
				COPY_PHASE_STRIP = YES;
				ENABLE_STRICT_OBJC_MSGSEND = YES;
				GCC_C_LANGUAGE_STANDARD = gnu99;
				GCC_NO_COMMON_BLOCKS = YES;
				GCC_PREFIX_HEADER = "$(SRCROOT)/$(PROJECT_NAME)/UntoldEngine-Prefix.pch";
				GCC_WARN_64_TO_32_BIT_CONVERSION = YES;
				GCC_WARN_ABOUT_RETURN_TYPE = YES;
				GCC_WARN_UNDECLARED_SELECTOR = YES;
				GCC_WARN_UNINITIALIZED_AUTOS = YES;
				GCC_WARN_UNUSED_FUNCTION = YES;
				GCC_WARN_UNUSED_VARIABLE = YES;
				IPHONEOS_DEPLOYMENT_TARGET = 11.0;
				MACOSX_DEPLOYMENT_TARGET = 13.3;
				MTL_IGNORE_WARNINGS = NO;
				OTHER_CFLAGS = "-DNS_BLOCK_ASSERTIONS=1";
				"PROVISIONING_PROFILE[sdk=iphoneos*]" = "";
				SDKROOT = iphoneos;
				STRIP_PNG_TEXT = NO;
				TARGETED_DEVICE_FAMILY = "1,2";
				VALIDATE_PRODUCT = YES;
			};
			name = Release;
		};
		03EAF3872B73D02500D1C5B5 /* Debug */ = {
			isa = XCBuildConfiguration;
			buildSettings = {
				ASSETCATALOG_COMPILER_APPICON_NAME = AppIcon;
				ASSETCATALOG_COMPILER_GENERATE_SWIFT_ASSET_SYMBOL_EXTENSIONS = YES;
				ASSETCATALOG_COMPILER_GLOBAL_ACCENT_COLOR_NAME = AccentColor;
				CLANG_ANALYZER_NONNULL = YES;
				CLANG_ANALYZER_NUMBER_OBJECT_CONVERSION = YES_AGGRESSIVE;
				CLANG_CXX_LANGUAGE_STANDARD = "gnu++20";
				CLANG_ENABLE_MODULES = YES;
				CLANG_ENABLE_OBJC_ARC = YES;
				CLANG_ENABLE_OBJC_WEAK = YES;
				CLANG_WARN_BLOCK_CAPTURE_AUTORELEASING = YES;
				CLANG_WARN_COMMA = YES;
				CLANG_WARN_DEPRECATED_OBJC_IMPLEMENTATIONS = YES;
				CLANG_WARN_DIRECT_OBJC_ISA_USAGE = YES_ERROR;
				CLANG_WARN_DOCUMENTATION_COMMENTS = YES;
				CLANG_WARN_NON_LITERAL_NULL_CONVERSION = YES;
				CLANG_WARN_OBJC_IMPLICIT_RETAIN_SELF = YES;
				CLANG_WARN_OBJC_LITERAL_CONVERSION = YES;
				CLANG_WARN_OBJC_ROOT_CLASS = YES_ERROR;
				CLANG_WARN_QUOTED_INCLUDE_IN_FRAMEWORK_HEADER = YES;
				CLANG_WARN_RANGE_LOOP_ANALYSIS = YES;
				CLANG_WARN_STRICT_PROTOTYPES = YES;
				CLANG_WARN_UNGUARDED_AVAILABILITY = YES_AGGRESSIVE;
				CODE_SIGN_ENTITLEMENTS = Mac_Untold/Mac_Untold.entitlements;
				CODE_SIGN_STYLE = Automatic;
				COMBINE_HIDPI_IMAGES = YES;
				CURRENT_PROJECT_VERSION = 1;
				DEBUG_INFORMATION_FORMAT = dwarf;
				DEVELOPMENT_TEAM = PXXZLXYJ26;
				ENABLE_HARDENED_RUNTIME = YES;
				ENABLE_USER_SCRIPT_SANDBOXING = YES;
				GCC_C_LANGUAGE_STANDARD = gnu17;
				GCC_WARN_ABOUT_RETURN_TYPE = YES_ERROR;
				GCC_WARN_UNINITIALIZED_AUTOS = YES_AGGRESSIVE;
				GENERATE_INFOPLIST_FILE = YES;
				INFOPLIST_KEY_NSHumanReadableCopyright = "Copyright © 2024 Untold Engine Studios. All rights reserved.";
				INFOPLIST_KEY_NSMainStoryboardFile = Main;
				INFOPLIST_KEY_NSPrincipalClass = NSApplication;
				LD_RUNPATH_SEARCH_PATHS = "$(inherited) @executable_path/../Frameworks";
				LOCALIZATION_PREFERS_STRING_CATALOGS = YES;
				MACOSX_DEPLOYMENT_TARGET = 14.2;
				MARKETING_VERSION = 1.0;
				MTL_ENABLE_DEBUG_INFO = INCLUDE_SOURCE;
				MTL_FAST_MATH = YES;
				MTL_IGNORE_WARNINGS = NO;
				PRODUCT_BUNDLE_IDENTIFIER = "com.untoldengine.Mac-Untold";
				PRODUCT_NAME = "$(TARGET_NAME)";
				SDKROOT = macosx;
				SWIFT_ACTIVE_COMPILATION_CONDITIONS = "DEBUG $(inherited)";
				SWIFT_EMIT_LOC_STRINGS = YES;
				SWIFT_OBJC_BRIDGING_HEADER = UntoldEngineCore/Shaders/ShaderTypes.h;
				SWIFT_OPTIMIZATION_LEVEL = "-Onone";
				SWIFT_VERSION = 5.0;
			};
			name = Debug;
		};
		03EAF3882B73D02500D1C5B5 /* Release */ = {
			isa = XCBuildConfiguration;
			buildSettings = {
				ASSETCATALOG_COMPILER_APPICON_NAME = AppIcon;
				ASSETCATALOG_COMPILER_GENERATE_SWIFT_ASSET_SYMBOL_EXTENSIONS = YES;
				ASSETCATALOG_COMPILER_GLOBAL_ACCENT_COLOR_NAME = AccentColor;
				CLANG_ANALYZER_NONNULL = YES;
				CLANG_ANALYZER_NUMBER_OBJECT_CONVERSION = YES_AGGRESSIVE;
				CLANG_CXX_LANGUAGE_STANDARD = "gnu++20";
				CLANG_ENABLE_MODULES = YES;
				CLANG_ENABLE_OBJC_ARC = YES;
				CLANG_ENABLE_OBJC_WEAK = YES;
				CLANG_WARN_BLOCK_CAPTURE_AUTORELEASING = YES;
				CLANG_WARN_COMMA = YES;
				CLANG_WARN_DEPRECATED_OBJC_IMPLEMENTATIONS = YES;
				CLANG_WARN_DIRECT_OBJC_ISA_USAGE = YES_ERROR;
				CLANG_WARN_DOCUMENTATION_COMMENTS = YES;
				CLANG_WARN_NON_LITERAL_NULL_CONVERSION = YES;
				CLANG_WARN_OBJC_IMPLICIT_RETAIN_SELF = YES;
				CLANG_WARN_OBJC_LITERAL_CONVERSION = YES;
				CLANG_WARN_OBJC_ROOT_CLASS = YES_ERROR;
				CLANG_WARN_QUOTED_INCLUDE_IN_FRAMEWORK_HEADER = YES;
				CLANG_WARN_RANGE_LOOP_ANALYSIS = YES;
				CLANG_WARN_STRICT_PROTOTYPES = YES;
				CLANG_WARN_UNGUARDED_AVAILABILITY = YES_AGGRESSIVE;
				CODE_SIGN_ENTITLEMENTS = Mac_Untold/Mac_Untold.entitlements;
				CODE_SIGN_STYLE = Automatic;
				COMBINE_HIDPI_IMAGES = YES;
				COPY_PHASE_STRIP = NO;
				CURRENT_PROJECT_VERSION = 1;
				DEBUG_INFORMATION_FORMAT = "dwarf-with-dsym";
				DEVELOPMENT_TEAM = PXXZLXYJ26;
				ENABLE_HARDENED_RUNTIME = YES;
				ENABLE_NS_ASSERTIONS = NO;
				ENABLE_USER_SCRIPT_SANDBOXING = YES;
				GCC_C_LANGUAGE_STANDARD = gnu17;
				GCC_WARN_ABOUT_RETURN_TYPE = YES_ERROR;
				GCC_WARN_UNINITIALIZED_AUTOS = YES_AGGRESSIVE;
				GENERATE_INFOPLIST_FILE = YES;
				INFOPLIST_KEY_NSHumanReadableCopyright = "Copyright © 2024 Untold Engine Studios. All rights reserved.";
				INFOPLIST_KEY_NSMainStoryboardFile = Main;
				INFOPLIST_KEY_NSPrincipalClass = NSApplication;
				LD_RUNPATH_SEARCH_PATHS = "$(inherited) @executable_path/../Frameworks";
				LOCALIZATION_PREFERS_STRING_CATALOGS = YES;
				MACOSX_DEPLOYMENT_TARGET = 14.2;
				MARKETING_VERSION = 1.0;
				MTL_ENABLE_DEBUG_INFO = NO;
				MTL_FAST_MATH = YES;
				MTL_IGNORE_WARNINGS = NO;
				PRODUCT_BUNDLE_IDENTIFIER = "com.untoldengine.Mac-Untold";
				PRODUCT_NAME = "$(TARGET_NAME)";
				SDKROOT = macosx;
				SWIFT_COMPILATION_MODE = wholemodule;
				SWIFT_EMIT_LOC_STRINGS = YES;
				SWIFT_OBJC_BRIDGING_HEADER = UntoldEngineCore/Shaders/ShaderTypes.h;
				SWIFT_VERSION = 5.0;
			};
			name = Release;
		};
/* End XCBuildConfiguration section */

/* Begin XCConfigurationList section */
		03759B2E175B0135002EB5D9 /* Build configuration list for PBXProject "UntoldEngine" */ = {
			isa = XCConfigurationList;
			buildConfigurations = (
				03759B61175B0135002EB5D9 /* Debug */,
				03759B62175B0135002EB5D9 /* Release */,
			);
			defaultConfigurationIsVisible = 0;
			defaultConfigurationName = Release;
		};
		03EAF3892B73D02500D1C5B5 /* Build configuration list for PBXNativeTarget "Mac_Untold" */ = {
			isa = XCConfigurationList;
			buildConfigurations = (
				03EAF3872B73D02500D1C5B5 /* Debug */,
				03EAF3882B73D02500D1C5B5 /* Release */,
			);
			defaultConfigurationIsVisible = 0;
			defaultConfigurationName = Release;
		};
/* End XCConfigurationList section */
	};
	rootObject = 03759B2B175B0135002EB5D9 /* Project object */;
}
