// !$*UTF8*$!
{
	archiveVersion = 1;
	classes = {
	};
	objectVersion = 46;
	objects = {

/* Begin PBXBuildFile section */
		030BA17A2AE2589600838EA5 /* brdftest.json in Resources */ = {isa = PBXBuildFile; fileRef = 030BA1792AE2589600838EA5 /* brdftest.json */; };
		031E6A702AE5BCCD0073DE04 /* lake.json in Resources */ = {isa = PBXBuildFile; fileRef = 031E6A6F2AE5BCCD0073DE04 /* lake.json */; };
		031E6A742AE5BF890073DE04 /* ship.json in Resources */ = {isa = PBXBuildFile; fileRef = 031E6A732AE5BF890073DE04 /* ship.json */; };
		0335A4572ACC61C5004987FC /* GameScene.mm in Sources */ = {isa = PBXBuildFile; fileRef = 0335A4552ACC61C4004987FC /* GameScene.mm */; };
		0335A4582ACC61C5004987FC /* GameScene.mm in Sources */ = {isa = PBXBuildFile; fileRef = 0335A4552ACC61C4004987FC /* GameScene.mm */; };
		03722B122029F0220080D069 /* AppDelegate.mm in Sources */ = {isa = PBXBuildFile; fileRef = 03722B112029F0210080D069 /* AppDelegate.mm */; };
		03722B152029F0220080D069 /* GameViewController.mm in Sources */ = {isa = PBXBuildFile; fileRef = 03722B142029F0220080D069 /* GameViewController.mm */; };
		03722B182029F0220080D069 /* Main.storyboard in Resources */ = {isa = PBXBuildFile; fileRef = 03722B162029F0220080D069 /* Main.storyboard */; };
		03722B1B2029F0220080D069 /* LaunchScreen.storyboard in Resources */ = {isa = PBXBuildFile; fileRef = 03722B192029F0220080D069 /* LaunchScreen.storyboard */; };
		03722B1E2029F0220080D069 /* main.m in Sources */ = {isa = PBXBuildFile; fileRef = 03722B1D2029F0220080D069 /* main.m */; };
		03722B272029F0220080D069 /* AppDelegate.mm in Sources */ = {isa = PBXBuildFile; fileRef = 03722B262029F0220080D069 /* AppDelegate.mm */; };
		03722B2A2029F0220080D069 /* GameViewController.mm in Sources */ = {isa = PBXBuildFile; fileRef = 03722B292029F0220080D069 /* GameViewController.mm */; };
		03722B2D2029F0220080D069 /* Main.storyboard in Resources */ = {isa = PBXBuildFile; fileRef = 03722B2B2029F0220080D069 /* Main.storyboard */; };
		03722B302029F0220080D069 /* main.m in Sources */ = {isa = PBXBuildFile; fileRef = 03722B2F2029F0220080D069 /* main.m */; };
		03722B392029F0220080D069 /* AppDelegate.mm in Sources */ = {isa = PBXBuildFile; fileRef = 03722B382029F0220080D069 /* AppDelegate.mm */; };
		03722B3C2029F0220080D069 /* GameViewController.mm in Sources */ = {isa = PBXBuildFile; fileRef = 03722B3B2029F0220080D069 /* GameViewController.mm */; };
		03722B3F2029F0220080D069 /* Main.storyboard in Resources */ = {isa = PBXBuildFile; fileRef = 03722B3D2029F0220080D069 /* Main.storyboard */; };
		03722B422029F0220080D069 /* main.m in Sources */ = {isa = PBXBuildFile; fileRef = 03722B412029F0220080D069 /* main.m */; };
		03722D7A2029F1E30080D069 /* QuartzCore.framework in Frameworks */ = {isa = PBXBuildFile; fileRef = 03F2DB201F19471300F77B78 /* QuartzCore.framework */; };
		03722D7B2029F1EA0080D069 /* MetalKit.framework in Frameworks */ = {isa = PBXBuildFile; fileRef = 03F2DAC11F1911D000F77B78 /* MetalKit.framework */; };
		03722D7C2029F1F00080D069 /* Metal.framework in Frameworks */ = {isa = PBXBuildFile; fileRef = 03F2DABF1F1911CA00F77B78 /* Metal.framework */; };
		03722D7D2029F1F70080D069 /* UIKit.framework in Frameworks */ = {isa = PBXBuildFile; fileRef = 03759B38175B0135002EB5D9 /* UIKit.framework */; };
		03722D7E2029F1FF0080D069 /* Foundation.framework in Frameworks */ = {isa = PBXBuildFile; fileRef = 03759B3A175B0135002EB5D9 /* Foundation.framework */; };
		03722D802029F20D0080D069 /* QuartzCore.framework in Frameworks */ = {isa = PBXBuildFile; fileRef = 03722D7F2029F20D0080D069 /* QuartzCore.framework */; };
		03722D822029F2150080D069 /* MetalKit.framework in Frameworks */ = {isa = PBXBuildFile; fileRef = 03722D812029F2150080D069 /* MetalKit.framework */; };
		03722D842029F21A0080D069 /* Metal.framework in Frameworks */ = {isa = PBXBuildFile; fileRef = 03722D832029F21A0080D069 /* Metal.framework */; };
		03722D862029F2250080D069 /* Foundation.framework in Frameworks */ = {isa = PBXBuildFile; fileRef = 03722D852029F2250080D069 /* Foundation.framework */; };
		03722DD8202B3BEC0080D069 /* GameController.framework in Frameworks */ = {isa = PBXBuildFile; fileRef = 03722DD7202B3BEB0080D069 /* GameController.framework */; };
		039B943E2AC782020047D1A1 /* U4DRenderer.mm in Sources */ = {isa = PBXBuildFile; fileRef = 039B93F62AC782020047D1A1 /* U4DRenderer.mm */; };
		039B943F2AC782020047D1A1 /* U4DRenderer.mm in Sources */ = {isa = PBXBuildFile; fileRef = 039B93F62AC782020047D1A1 /* U4DRenderer.mm */; };
		039B94402AC782020047D1A1 /* U4DRenderer.mm in Sources */ = {isa = PBXBuildFile; fileRef = 039B93F62AC782020047D1A1 /* U4DRenderer.mm */; };
		039B94422AC782020047D1A1 /* compositionShader.metal in Sources */ = {isa = PBXBuildFile; fileRef = 039B93FA2AC782020047D1A1 /* compositionShader.metal */; };
		039B94432AC782020047D1A1 /* compositionShader.metal in Sources */ = {isa = PBXBuildFile; fileRef = 039B93FA2AC782020047D1A1 /* compositionShader.metal */; };
		039B94442AC782020047D1A1 /* compositionShader.metal in Sources */ = {isa = PBXBuildFile; fileRef = 039B93FA2AC782020047D1A1 /* compositionShader.metal */; };
		039B94462AC782020047D1A1 /* shadowShader.metal in Sources */ = {isa = PBXBuildFile; fileRef = 039B93FB2AC782020047D1A1 /* shadowShader.metal */; };
		039B94472AC782020047D1A1 /* shadowShader.metal in Sources */ = {isa = PBXBuildFile; fileRef = 039B93FB2AC782020047D1A1 /* shadowShader.metal */; };
		039B94482AC782020047D1A1 /* shadowShader.metal in Sources */ = {isa = PBXBuildFile; fileRef = 039B93FB2AC782020047D1A1 /* shadowShader.metal */; };
		039B944A2AC782020047D1A1 /* voxelShader.metal in Sources */ = {isa = PBXBuildFile; fileRef = 039B93FC2AC782020047D1A1 /* voxelShader.metal */; };
		039B944B2AC782020047D1A1 /* voxelShader.metal in Sources */ = {isa = PBXBuildFile; fileRef = 039B93FC2AC782020047D1A1 /* voxelShader.metal */; };
		039B944C2AC782020047D1A1 /* voxelShader.metal in Sources */ = {isa = PBXBuildFile; fileRef = 039B93FC2AC782020047D1A1 /* voxelShader.metal */; };
		039B944E2AC782020047D1A1 /* gridShader.metal in Sources */ = {isa = PBXBuildFile; fileRef = 039B93FD2AC782020047D1A1 /* gridShader.metal */; };
		039B944F2AC782020047D1A1 /* gridShader.metal in Sources */ = {isa = PBXBuildFile; fileRef = 039B93FD2AC782020047D1A1 /* gridShader.metal */; };
		039B94502AC782020047D1A1 /* gridShader.metal in Sources */ = {isa = PBXBuildFile; fileRef = 039B93FD2AC782020047D1A1 /* gridShader.metal */; };
		039B94522AC782020047D1A1 /* U4DShaderHelperFunctions.metal in Sources */ = {isa = PBXBuildFile; fileRef = 039B93FE2AC782020047D1A1 /* U4DShaderHelperFunctions.metal */; };
		039B94532AC782020047D1A1 /* U4DShaderHelperFunctions.metal in Sources */ = {isa = PBXBuildFile; fileRef = 039B93FE2AC782020047D1A1 /* U4DShaderHelperFunctions.metal */; };
		039B94542AC782020047D1A1 /* U4DShaderHelperFunctions.metal in Sources */ = {isa = PBXBuildFile; fileRef = 039B93FE2AC782020047D1A1 /* U4DShaderHelperFunctions.metal */; };
		039B94562AC782020047D1A1 /* U4DCamera.mm in Sources */ = {isa = PBXBuildFile; fileRef = 039B94022AC782020047D1A1 /* U4DCamera.mm */; };
		039B94572AC782020047D1A1 /* U4DCamera.mm in Sources */ = {isa = PBXBuildFile; fileRef = 039B94022AC782020047D1A1 /* U4DCamera.mm */; };
		039B94582AC782020047D1A1 /* U4DCamera.mm in Sources */ = {isa = PBXBuildFile; fileRef = 039B94022AC782020047D1A1 /* U4DCamera.mm */; };
		039B94822AC782020047D1A1 /* U4DUtilsFunctions.mm in Sources */ = {isa = PBXBuildFile; fileRef = 039B94202AC782020047D1A1 /* U4DUtilsFunctions.mm */; };
		039B94832AC782020047D1A1 /* U4DUtilsFunctions.mm in Sources */ = {isa = PBXBuildFile; fileRef = 039B94202AC782020047D1A1 /* U4DUtilsFunctions.mm */; };
		039B94842AC782020047D1A1 /* U4DUtilsFunctions.mm in Sources */ = {isa = PBXBuildFile; fileRef = 039B94202AC782020047D1A1 /* U4DUtilsFunctions.mm */; };
		039B94862AC782020047D1A1 /* U4DJsonReader.mm in Sources */ = {isa = PBXBuildFile; fileRef = 039B94212AC782020047D1A1 /* U4DJsonReader.mm */; };
		039B94872AC782020047D1A1 /* U4DJsonReader.mm in Sources */ = {isa = PBXBuildFile; fileRef = 039B94212AC782020047D1A1 /* U4DJsonReader.mm */; };
		039B94882AC782020047D1A1 /* U4DJsonReader.mm in Sources */ = {isa = PBXBuildFile; fileRef = 039B94212AC782020047D1A1 /* U4DJsonReader.mm */; };
		039B948A2AC782020047D1A1 /* U4DMathUtils.mm in Sources */ = {isa = PBXBuildFile; fileRef = 039B94242AC782020047D1A1 /* U4DMathUtils.mm */; };
		039B948B2AC782020047D1A1 /* U4DMathUtils.mm in Sources */ = {isa = PBXBuildFile; fileRef = 039B94242AC782020047D1A1 /* U4DMathUtils.mm */; };
		039B948C2AC782020047D1A1 /* U4DMathUtils.mm in Sources */ = {isa = PBXBuildFile; fileRef = 039B94242AC782020047D1A1 /* U4DMathUtils.mm */; };
		039B948E2AC782020047D1A1 /* U4DController.mm in Sources */ = {isa = PBXBuildFile; fileRef = 039B94292AC782020047D1A1 /* U4DController.mm */; };
		039B948F2AC782020047D1A1 /* U4DController.mm in Sources */ = {isa = PBXBuildFile; fileRef = 039B94292AC782020047D1A1 /* U4DController.mm */; };
		039B94902AC782020047D1A1 /* U4DController.mm in Sources */ = {isa = PBXBuildFile; fileRef = 039B94292AC782020047D1A1 /* U4DController.mm */; };
		039B94922AC782020047D1A1 /* U4DComponentPool.mm in Sources */ = {isa = PBXBuildFile; fileRef = 039B942C2AC782020047D1A1 /* U4DComponentPool.mm */; };
		039B94932AC782020047D1A1 /* U4DComponentPool.mm in Sources */ = {isa = PBXBuildFile; fileRef = 039B942C2AC782020047D1A1 /* U4DComponentPool.mm */; };
		039B94942AC782020047D1A1 /* U4DComponentPool.mm in Sources */ = {isa = PBXBuildFile; fileRef = 039B942C2AC782020047D1A1 /* U4DComponentPool.mm */; };
		039B94962AC782020047D1A1 /* U4DScene.mm in Sources */ = {isa = PBXBuildFile; fileRef = 039B942F2AC782020047D1A1 /* U4DScene.mm */; };
		039B94972AC782020047D1A1 /* U4DScene.mm in Sources */ = {isa = PBXBuildFile; fileRef = 039B942F2AC782020047D1A1 /* U4DScene.mm */; };
		039B94982AC782020047D1A1 /* U4DScene.mm in Sources */ = {isa = PBXBuildFile; fileRef = 039B942F2AC782020047D1A1 /* U4DScene.mm */; };
		039B949A2AC782020047D1A1 /* U4DLight.mm in Sources */ = {isa = PBXBuildFile; fileRef = 039B94332AC782020047D1A1 /* U4DLight.mm */; };
		039B949B2AC782020047D1A1 /* U4DLight.mm in Sources */ = {isa = PBXBuildFile; fileRef = 039B94332AC782020047D1A1 /* U4DLight.mm */; };
		039B949C2AC782020047D1A1 /* U4DLight.mm in Sources */ = {isa = PBXBuildFile; fileRef = 039B94332AC782020047D1A1 /* U4DLight.mm */; };
		039B949E2AC782020047D1A1 /* U4DLoadingSystem.mm in Sources */ = {isa = PBXBuildFile; fileRef = 039B94352AC782020047D1A1 /* U4DLoadingSystem.mm */; };
		039B949F2AC782020047D1A1 /* U4DLoadingSystem.mm in Sources */ = {isa = PBXBuildFile; fileRef = 039B94352AC782020047D1A1 /* U4DLoadingSystem.mm */; };
		039B94A02AC782020047D1A1 /* U4DLoadingSystem.mm in Sources */ = {isa = PBXBuildFile; fileRef = 039B94352AC782020047D1A1 /* U4DLoadingSystem.mm */; };
		039B94A22AC782020047D1A1 /* U4DRenderSystem.mm in Sources */ = {isa = PBXBuildFile; fileRef = 039B94372AC782020047D1A1 /* U4DRenderSystem.mm */; };
		039B94A32AC782020047D1A1 /* U4DRenderSystem.mm in Sources */ = {isa = PBXBuildFile; fileRef = 039B94372AC782020047D1A1 /* U4DRenderSystem.mm */; };
		039B94A42AC782020047D1A1 /* U4DRenderSystem.mm in Sources */ = {isa = PBXBuildFile; fileRef = 039B94372AC782020047D1A1 /* U4DRenderSystem.mm */; };
		039B94A62AC782020047D1A1 /* U4DTransformSystem.mm in Sources */ = {isa = PBXBuildFile; fileRef = 039B94382AC782020047D1A1 /* U4DTransformSystem.mm */; };
		039B94A72AC782020047D1A1 /* U4DTransformSystem.mm in Sources */ = {isa = PBXBuildFile; fileRef = 039B94382AC782020047D1A1 /* U4DTransformSystem.mm */; };
		039B94A82AC782020047D1A1 /* U4DTransformSystem.mm in Sources */ = {isa = PBXBuildFile; fileRef = 039B94382AC782020047D1A1 /* U4DTransformSystem.mm */; };
		039B94AA2AC782020047D1A1 /* U4DComputeSystem.mm in Sources */ = {isa = PBXBuildFile; fileRef = 039B943C2AC782020047D1A1 /* U4DComputeSystem.mm */; };
		039B94AB2AC782020047D1A1 /* U4DComputeSystem.mm in Sources */ = {isa = PBXBuildFile; fileRef = 039B943C2AC782020047D1A1 /* U4DComputeSystem.mm */; };
		039B94AC2AC782020047D1A1 /* U4DComputeSystem.mm in Sources */ = {isa = PBXBuildFile; fileRef = 039B943C2AC782020047D1A1 /* U4DComputeSystem.mm */; };
		039B94B32AC785670047D1A1 /* puppy.json in Resources */ = {isa = PBXBuildFile; fileRef = 039B94AD2AC785670047D1A1 /* puppy.json */; };
		039B94B42AC785670047D1A1 /* puppy.json in Resources */ = {isa = PBXBuildFile; fileRef = 039B94AD2AC785670047D1A1 /* puppy.json */; };
		039B94B52AC785670047D1A1 /* puppy.json in Resources */ = {isa = PBXBuildFile; fileRef = 039B94AD2AC785670047D1A1 /* puppy.json */; };
		039B94B72AC785670047D1A1 /* puppy2.json in Resources */ = {isa = PBXBuildFile; fileRef = 039B94AE2AC785670047D1A1 /* puppy2.json */; };
		039B94B82AC785670047D1A1 /* puppy2.json in Resources */ = {isa = PBXBuildFile; fileRef = 039B94AE2AC785670047D1A1 /* puppy2.json */; };
		039B94B92AC785670047D1A1 /* puppy2.json in Resources */ = {isa = PBXBuildFile; fileRef = 039B94AE2AC785670047D1A1 /* puppy2.json */; };
		039B94BB2AC785670047D1A1 /* puppy3.json in Resources */ = {isa = PBXBuildFile; fileRef = 039B94AF2AC785670047D1A1 /* puppy3.json */; };
		039B94BC2AC785670047D1A1 /* puppy3.json in Resources */ = {isa = PBXBuildFile; fileRef = 039B94AF2AC785670047D1A1 /* puppy3.json */; };
		039B94BD2AC785670047D1A1 /* puppy3.json in Resources */ = {isa = PBXBuildFile; fileRef = 039B94AF2AC785670047D1A1 /* puppy3.json */; };
		039B94BF2AC785670047D1A1 /* floorchunk.json in Resources */ = {isa = PBXBuildFile; fileRef = 039B94B02AC785670047D1A1 /* floorchunk.json */; };
		039B94C02AC785670047D1A1 /* floorchunk.json in Resources */ = {isa = PBXBuildFile; fileRef = 039B94B02AC785670047D1A1 /* floorchunk.json */; };
		039B94C12AC785670047D1A1 /* floorchunk.json in Resources */ = {isa = PBXBuildFile; fileRef = 039B94B02AC785670047D1A1 /* floorchunk.json */; };
		039B94C32AC785670047D1A1 /* gameboyvoxel.json in Resources */ = {isa = PBXBuildFile; fileRef = 039B94B12AC785670047D1A1 /* gameboyvoxel.json */; };
		039B94C42AC785670047D1A1 /* gameboyvoxel.json in Resources */ = {isa = PBXBuildFile; fileRef = 039B94B12AC785670047D1A1 /* gameboyvoxel.json */; };
		039B94C52AC785670047D1A1 /* gameboyvoxel.json in Resources */ = {isa = PBXBuildFile; fileRef = 039B94B12AC785670047D1A1 /* gameboyvoxel.json */; };
/* End PBXBuildFile section */

/* Begin PBXFileReference section */
		030BA1792AE2589600838EA5 /* brdftest.json */ = {isa = PBXFileReference; lastKnownFileType = text.json; path = brdftest.json; sourceTree = "<group>"; };
		031413EC2589D03B005BF4A4 /* Untold4D.entitlements */ = {isa = PBXFileReference; lastKnownFileType = text.plist.entitlements; path = Untold4D.entitlements; sourceTree = "<group>"; };
		031E6A6F2AE5BCCD0073DE04 /* lake.json */ = {isa = PBXFileReference; lastKnownFileType = text.json; path = lake.json; sourceTree = "<group>"; };
		031E6A732AE5BF890073DE04 /* ship.json */ = {isa = PBXFileReference; lastKnownFileType = text.json; path = ship.json; sourceTree = "<group>"; };
		0335A4552ACC61C4004987FC /* GameScene.mm */ = {isa = PBXFileReference; lastKnownFileType = sourcecode.cpp.objcpp; path = GameScene.mm; sourceTree = "<group>"; };
		0335A4562ACC61C4004987FC /* GameScene.h */ = {isa = PBXFileReference; lastKnownFileType = sourcecode.c.h; path = GameScene.h; sourceTree = "<group>"; };
		03370CAB27761785008171BA /* libenetlib.a */ = {isa = PBXFileReference; lastKnownFileType = archive.ar; name = libenetlib.a; path = UntoldEngine4D/NetworkSystem/libenetlib.a; sourceTree = "<group>"; };
		03370CE02777BCB5008171BA /* libenet.a */ = {isa = PBXFileReference; lastKnownFileType = archive.ar; name = libenet.a; path = UntoldEngine4D/NetworkSystem/maclib/libenet.a; sourceTree = "<group>"; };
		03370D142777BDE4008171BA /* libenet.a */ = {isa = PBXFileReference; lastKnownFileType = archive.ar; name = libenet.a; path = UntoldEngine4D/NetworkSystem/ioslib/libenet.a; sourceTree = "<group>"; };
		03722B0E2029F0210080D069 /* Untold4D.app */ = {isa = PBXFileReference; explicitFileType = wrapper.application; includeInIndex = 0; path = Untold4D.app; sourceTree = BUILT_PRODUCTS_DIR; };
		03722B102029F0210080D069 /* AppDelegate.h */ = {isa = PBXFileReference; lastKnownFileType = sourcecode.c.h; path = AppDelegate.h; sourceTree = "<group>"; };
		03722B112029F0210080D069 /* AppDelegate.mm */ = {isa = PBXFileReference; lastKnownFileType = sourcecode.cpp.objcpp; path = AppDelegate.mm; sourceTree = "<group>"; };
		03722B132029F0220080D069 /* GameViewController.h */ = {isa = PBXFileReference; lastKnownFileType = sourcecode.c.h; path = GameViewController.h; sourceTree = "<group>"; };
		03722B142029F0220080D069 /* GameViewController.mm */ = {isa = PBXFileReference; lastKnownFileType = sourcecode.cpp.objcpp; path = GameViewController.mm; sourceTree = "<group>"; };
		03722B172029F0220080D069 /* Base */ = {isa = PBXFileReference; lastKnownFileType = file.storyboard; name = Base; path = Base.lproj/Main.storyboard; sourceTree = "<group>"; };
		03722B1A2029F0220080D069 /* Base */ = {isa = PBXFileReference; lastKnownFileType = file.storyboard; name = Base; path = Base.lproj/LaunchScreen.storyboard; sourceTree = "<group>"; };
		03722B1C2029F0220080D069 /* Info.plist */ = {isa = PBXFileReference; lastKnownFileType = text.plist.xml; path = Info.plist; sourceTree = "<group>"; };
		03722B1D2029F0220080D069 /* main.m */ = {isa = PBXFileReference; lastKnownFileType = sourcecode.c.objc; path = main.m; sourceTree = "<group>"; };
		03722B232029F0220080D069 /* Untold4D.app */ = {isa = PBXFileReference; explicitFileType = wrapper.application; includeInIndex = 0; path = Untold4D.app; sourceTree = BUILT_PRODUCTS_DIR; };
		03722B252029F0220080D069 /* AppDelegate.h */ = {isa = PBXFileReference; lastKnownFileType = sourcecode.c.h; path = AppDelegate.h; sourceTree = "<group>"; };
		03722B262029F0220080D069 /* AppDelegate.mm */ = {isa = PBXFileReference; lastKnownFileType = sourcecode.cpp.objcpp; path = AppDelegate.mm; sourceTree = "<group>"; };
		03722B282029F0220080D069 /* GameViewController.h */ = {isa = PBXFileReference; lastKnownFileType = sourcecode.c.h; path = GameViewController.h; sourceTree = "<group>"; };
		03722B292029F0220080D069 /* GameViewController.mm */ = {isa = PBXFileReference; lastKnownFileType = sourcecode.cpp.objcpp; path = GameViewController.mm; sourceTree = "<group>"; };
		03722B2C2029F0220080D069 /* Base */ = {isa = PBXFileReference; lastKnownFileType = file.storyboard; name = Base; path = Base.lproj/Main.storyboard; sourceTree = "<group>"; };
		03722B2E2029F0220080D069 /* Info.plist */ = {isa = PBXFileReference; lastKnownFileType = text.plist.xml; path = Info.plist; sourceTree = "<group>"; };
		03722B2F2029F0220080D069 /* main.m */ = {isa = PBXFileReference; lastKnownFileType = sourcecode.c.objc; path = main.m; sourceTree = "<group>"; };
		03722B352029F0220080D069 /* Untold4D.app */ = {isa = PBXFileReference; explicitFileType = wrapper.application; includeInIndex = 0; path = Untold4D.app; sourceTree = BUILT_PRODUCTS_DIR; };
		03722B372029F0220080D069 /* AppDelegate.h */ = {isa = PBXFileReference; lastKnownFileType = sourcecode.c.h; path = AppDelegate.h; sourceTree = "<group>"; };
		03722B382029F0220080D069 /* AppDelegate.mm */ = {isa = PBXFileReference; lastKnownFileType = sourcecode.cpp.objcpp; path = AppDelegate.mm; sourceTree = "<group>"; };
		03722B3A2029F0220080D069 /* GameViewController.h */ = {isa = PBXFileReference; lastKnownFileType = sourcecode.c.h; path = GameViewController.h; sourceTree = "<group>"; };
		03722B3B2029F0220080D069 /* GameViewController.mm */ = {isa = PBXFileReference; lastKnownFileType = sourcecode.cpp.objcpp; path = GameViewController.mm; sourceTree = "<group>"; };
		03722B3E2029F0220080D069 /* Base */ = {isa = PBXFileReference; lastKnownFileType = file.storyboard; name = Base; path = Base.lproj/Main.storyboard; sourceTree = "<group>"; };
		03722B402029F0220080D069 /* Info.plist */ = {isa = PBXFileReference; lastKnownFileType = text.plist.xml; path = Info.plist; sourceTree = "<group>"; };
		03722B412029F0220080D069 /* main.m */ = {isa = PBXFileReference; lastKnownFileType = sourcecode.c.objc; path = main.m; sourceTree = "<group>"; };
		03722D7F2029F20D0080D069 /* QuartzCore.framework */ = {isa = PBXFileReference; lastKnownFileType = wrapper.framework; name = QuartzCore.framework; path = Platforms/MacOSX.platform/Developer/SDKs/MacOSX10.13.sdk/System/Library/Frameworks/QuartzCore.framework; sourceTree = DEVELOPER_DIR; };
		03722D812029F2150080D069 /* MetalKit.framework */ = {isa = PBXFileReference; lastKnownFileType = wrapper.framework; name = MetalKit.framework; path = Platforms/MacOSX.platform/Developer/SDKs/MacOSX10.13.sdk/System/Library/Frameworks/MetalKit.framework; sourceTree = DEVELOPER_DIR; };
		03722D832029F21A0080D069 /* Metal.framework */ = {isa = PBXFileReference; lastKnownFileType = wrapper.framework; name = Metal.framework; path = Platforms/MacOSX.platform/Developer/SDKs/MacOSX10.13.sdk/System/Library/Frameworks/Metal.framework; sourceTree = DEVELOPER_DIR; };
		03722D852029F2250080D069 /* Foundation.framework */ = {isa = PBXFileReference; lastKnownFileType = wrapper.framework; name = Foundation.framework; path = Platforms/MacOSX.platform/Developer/SDKs/MacOSX10.13.sdk/System/Library/Frameworks/Foundation.framework; sourceTree = DEVELOPER_DIR; };
		03722D872029F4280080D069 /* UntoldEngine-Prefix.pch */ = {isa = PBXFileReference; lastKnownFileType = sourcecode.c.h; path = "UntoldEngine-Prefix.pch"; sourceTree = "<group>"; };
		03722DD7202B3BEB0080D069 /* GameController.framework */ = {isa = PBXFileReference; lastKnownFileType = wrapper.framework; name = GameController.framework; path = Platforms/MacOSX.platform/Developer/SDKs/MacOSX10.13.sdk/System/Library/Frameworks/GameController.framework; sourceTree = DEVELOPER_DIR; };
		03759B38175B0135002EB5D9 /* UIKit.framework */ = {isa = PBXFileReference; lastKnownFileType = wrapper.framework; name = UIKit.framework; path = System/Library/Frameworks/UIKit.framework; sourceTree = SDKROOT; };
		03759B3A175B0135002EB5D9 /* Foundation.framework */ = {isa = PBXFileReference; lastKnownFileType = wrapper.framework; name = Foundation.framework; path = System/Library/Frameworks/Foundation.framework; sourceTree = SDKROOT; };
		0376618627558F240098E008 /* ARKit.framework */ = {isa = PBXFileReference; lastKnownFileType = wrapper.framework; name = ARKit.framework; path = System/Library/Frameworks/ARKit.framework; sourceTree = SDKROOT; };
		039B93F52AC782020047D1A1 /* U4DRenderer.h */ = {isa = PBXFileReference; fileEncoding = 4; lastKnownFileType = sourcecode.c.h; path = U4DRenderer.h; sourceTree = "<group>"; };
		039B93F62AC782020047D1A1 /* U4DRenderer.mm */ = {isa = PBXFileReference; fileEncoding = 4; lastKnownFileType = sourcecode.cpp.objcpp; path = U4DRenderer.mm; sourceTree = "<group>"; };
		039B93F82AC782020047D1A1 /* U4DShaderProtocols.h */ = {isa = PBXFileReference; fileEncoding = 4; lastKnownFileType = sourcecode.c.h; path = U4DShaderProtocols.h; sourceTree = "<group>"; };
		039B93F92AC782020047D1A1 /* U4DShaderHelperFunctions.h */ = {isa = PBXFileReference; fileEncoding = 4; lastKnownFileType = sourcecode.c.h; path = U4DShaderHelperFunctions.h; sourceTree = "<group>"; };
		039B93FA2AC782020047D1A1 /* compositionShader.metal */ = {isa = PBXFileReference; fileEncoding = 4; lastKnownFileType = sourcecode.metal; path = compositionShader.metal; sourceTree = "<group>"; };
		039B93FB2AC782020047D1A1 /* shadowShader.metal */ = {isa = PBXFileReference; fileEncoding = 4; lastKnownFileType = sourcecode.metal; path = shadowShader.metal; sourceTree = "<group>"; };
		039B93FC2AC782020047D1A1 /* voxelShader.metal */ = {isa = PBXFileReference; fileEncoding = 4; lastKnownFileType = sourcecode.metal; path = voxelShader.metal; sourceTree = "<group>"; };
		039B93FD2AC782020047D1A1 /* gridShader.metal */ = {isa = PBXFileReference; fileEncoding = 4; lastKnownFileType = sourcecode.metal; path = gridShader.metal; sourceTree = "<group>"; };
		039B93FE2AC782020047D1A1 /* U4DShaderHelperFunctions.metal */ = {isa = PBXFileReference; fileEncoding = 4; lastKnownFileType = sourcecode.metal; path = U4DShaderHelperFunctions.metal; sourceTree = "<group>"; };
		039B94002AC782020047D1A1 /* U4DEntity.h */ = {isa = PBXFileReference; fileEncoding = 4; lastKnownFileType = sourcecode.c.h; path = U4DEntity.h; sourceTree = "<group>"; };
		039B94022AC782020047D1A1 /* U4DCamera.mm */ = {isa = PBXFileReference; fileEncoding = 4; lastKnownFileType = sourcecode.cpp.objcpp; path = U4DCamera.mm; sourceTree = "<group>"; };
		039B94032AC782020047D1A1 /* U4DCamera.h */ = {isa = PBXFileReference; fileEncoding = 4; lastKnownFileType = sourcecode.c.h; path = U4DCamera.h; sourceTree = "<group>"; };
		039B941D2AC782020047D1A1 /* CommonProtocols.h */ = {isa = PBXFileReference; fileEncoding = 4; lastKnownFileType = sourcecode.c.h; path = CommonProtocols.h; sourceTree = "<group>"; };
		039B941E2AC782020047D1A1 /* Constants.h */ = {isa = PBXFileReference; fileEncoding = 4; lastKnownFileType = sourcecode.c.h; path = Constants.h; sourceTree = "<group>"; };
		039B94202AC782020047D1A1 /* U4DUtilsFunctions.mm */ = {isa = PBXFileReference; fileEncoding = 4; lastKnownFileType = sourcecode.cpp.objcpp; path = U4DUtilsFunctions.mm; sourceTree = "<group>"; };
		039B94212AC782020047D1A1 /* U4DJsonReader.mm */ = {isa = PBXFileReference; fileEncoding = 4; lastKnownFileType = sourcecode.cpp.objcpp; path = U4DJsonReader.mm; sourceTree = "<group>"; };
		039B94222AC782020047D1A1 /* U4DJsonReader.h */ = {isa = PBXFileReference; fileEncoding = 4; lastKnownFileType = sourcecode.c.h; path = U4DJsonReader.h; sourceTree = "<group>"; };
		039B94232AC782020047D1A1 /* U4DMathUtils.h */ = {isa = PBXFileReference; fileEncoding = 4; lastKnownFileType = sourcecode.c.h; path = U4DMathUtils.h; sourceTree = "<group>"; };
		039B94242AC782020047D1A1 /* U4DMathUtils.mm */ = {isa = PBXFileReference; fileEncoding = 4; lastKnownFileType = sourcecode.cpp.objcpp; path = U4DMathUtils.mm; sourceTree = "<group>"; };
		039B94252AC782020047D1A1 /* U4DUtilsFunctions.h */ = {isa = PBXFileReference; fileEncoding = 4; lastKnownFileType = sourcecode.c.h; path = U4DUtilsFunctions.h; sourceTree = "<group>"; };
		039B94262AC782020047D1A1 /* Globals.h */ = {isa = PBXFileReference; fileEncoding = 4; lastKnownFileType = sourcecode.c.h; path = Globals.h; sourceTree = "<group>"; };
		039B94282AC782020047D1A1 /* U4DController.h */ = {isa = PBXFileReference; fileEncoding = 4; lastKnownFileType = sourcecode.c.h; path = U4DController.h; sourceTree = "<group>"; };
		039B94292AC782020047D1A1 /* U4DController.mm */ = {isa = PBXFileReference; fileEncoding = 4; lastKnownFileType = sourcecode.cpp.objcpp; path = U4DController.mm; sourceTree = "<group>"; };
		039B942B2AC782020047D1A1 /* U4DComponents.h */ = {isa = PBXFileReference; fileEncoding = 4; lastKnownFileType = sourcecode.c.h; path = U4DComponents.h; sourceTree = "<group>"; };
		039B942C2AC782020047D1A1 /* U4DComponentPool.mm */ = {isa = PBXFileReference; fileEncoding = 4; lastKnownFileType = sourcecode.cpp.objcpp; path = U4DComponentPool.mm; sourceTree = "<group>"; };
		039B942D2AC782020047D1A1 /* U4DComponentPool.h */ = {isa = PBXFileReference; fileEncoding = 4; lastKnownFileType = sourcecode.c.h; path = U4DComponentPool.h; sourceTree = "<group>"; };
		039B942E2AC782020047D1A1 /* U4DScene.h */ = {isa = PBXFileReference; fileEncoding = 4; lastKnownFileType = sourcecode.c.h; path = U4DScene.h; sourceTree = "<group>"; };
		039B942F2AC782020047D1A1 /* U4DScene.mm */ = {isa = PBXFileReference; fileEncoding = 4; lastKnownFileType = sourcecode.cpp.objcpp; path = U4DScene.mm; sourceTree = "<group>"; };
		039B94322AC782020047D1A1 /* U4DLight.h */ = {isa = PBXFileReference; fileEncoding = 4; lastKnownFileType = sourcecode.c.h; path = U4DLight.h; sourceTree = "<group>"; };
		039B94332AC782020047D1A1 /* U4DLight.mm */ = {isa = PBXFileReference; fileEncoding = 4; lastKnownFileType = sourcecode.cpp.objcpp; path = U4DLight.mm; sourceTree = "<group>"; };
		039B94352AC782020047D1A1 /* U4DLoadingSystem.mm */ = {isa = PBXFileReference; fileEncoding = 4; lastKnownFileType = sourcecode.cpp.objcpp; path = U4DLoadingSystem.mm; sourceTree = "<group>"; };
		039B94362AC782020047D1A1 /* U4DLoadingSystem.h */ = {isa = PBXFileReference; fileEncoding = 4; lastKnownFileType = sourcecode.c.h; path = U4DLoadingSystem.h; sourceTree = "<group>"; };
		039B94372AC782020047D1A1 /* U4DRenderSystem.mm */ = {isa = PBXFileReference; fileEncoding = 4; lastKnownFileType = sourcecode.cpp.objcpp; path = U4DRenderSystem.mm; sourceTree = "<group>"; };
		039B94382AC782020047D1A1 /* U4DTransformSystem.mm */ = {isa = PBXFileReference; fileEncoding = 4; lastKnownFileType = sourcecode.cpp.objcpp; path = U4DTransformSystem.mm; sourceTree = "<group>"; };
		039B94392AC782020047D1A1 /* U4DTransformSystem.h */ = {isa = PBXFileReference; fileEncoding = 4; lastKnownFileType = sourcecode.c.h; path = U4DTransformSystem.h; sourceTree = "<group>"; };
		039B943A2AC782020047D1A1 /* U4DComputeSystem.h */ = {isa = PBXFileReference; fileEncoding = 4; lastKnownFileType = sourcecode.c.h; path = U4DComputeSystem.h; sourceTree = "<group>"; };
		039B943B2AC782020047D1A1 /* U4DRenderSystem.h */ = {isa = PBXFileReference; fileEncoding = 4; lastKnownFileType = sourcecode.c.h; path = U4DRenderSystem.h; sourceTree = "<group>"; };
		039B943C2AC782020047D1A1 /* U4DComputeSystem.mm */ = {isa = PBXFileReference; fileEncoding = 4; lastKnownFileType = sourcecode.cpp.objcpp; path = U4DComputeSystem.mm; sourceTree = "<group>"; };
		039B94AD2AC785670047D1A1 /* puppy.json */ = {isa = PBXFileReference; fileEncoding = 4; lastKnownFileType = text.json; path = puppy.json; sourceTree = "<group>"; };
		039B94AE2AC785670047D1A1 /* puppy2.json */ = {isa = PBXFileReference; fileEncoding = 4; lastKnownFileType = text.json; path = puppy2.json; sourceTree = "<group>"; };
		039B94AF2AC785670047D1A1 /* puppy3.json */ = {isa = PBXFileReference; fileEncoding = 4; lastKnownFileType = text.json; path = puppy3.json; sourceTree = "<group>"; };
		039B94B02AC785670047D1A1 /* floorchunk.json */ = {isa = PBXFileReference; fileEncoding = 4; lastKnownFileType = text.json; path = floorchunk.json; sourceTree = "<group>"; };
		039B94B12AC785670047D1A1 /* gameboyvoxel.json */ = {isa = PBXFileReference; fileEncoding = 4; lastKnownFileType = text.json; path = gameboyvoxel.json; sourceTree = "<group>"; };
		03F2DABF1F1911CA00F77B78 /* Metal.framework */ = {isa = PBXFileReference; lastKnownFileType = wrapper.framework; name = Metal.framework; path = System/Library/Frameworks/Metal.framework; sourceTree = SDKROOT; };
		03F2DAC11F1911D000F77B78 /* MetalKit.framework */ = {isa = PBXFileReference; lastKnownFileType = wrapper.framework; name = MetalKit.framework; path = System/Library/Frameworks/MetalKit.framework; sourceTree = SDKROOT; };
		03F2DB201F19471300F77B78 /* QuartzCore.framework */ = {isa = PBXFileReference; lastKnownFileType = wrapper.framework; name = QuartzCore.framework; path = System/Library/Frameworks/QuartzCore.framework; sourceTree = SDKROOT; };
		03FFE91F27745096006DD5A2 /* libenet.a */ = {isa = PBXFileReference; lastKnownFileType = archive.ar; name = libenet.a; path = UntoldEngine4D/NetworkSystem/libenet.a; sourceTree = "<group>"; };
/* End PBXFileReference section */

/* Begin PBXFrameworksBuildPhase section */
		03722B0B2029F0210080D069 /* Frameworks */ = {
			isa = PBXFrameworksBuildPhase;
			buildActionMask = 2147483647;
			files = (
				03722D7E2029F1FF0080D069 /* Foundation.framework in Frameworks */,
				03722D7D2029F1F70080D069 /* UIKit.framework in Frameworks */,
				03722D7C2029F1F00080D069 /* Metal.framework in Frameworks */,
				03722D7B2029F1EA0080D069 /* MetalKit.framework in Frameworks */,
				03722D7A2029F1E30080D069 /* QuartzCore.framework in Frameworks */,
			);
			runOnlyForDeploymentPostprocessing = 0;
		};
		03722B202029F0220080D069 /* Frameworks */ = {
			isa = PBXFrameworksBuildPhase;
			buildActionMask = 2147483647;
			files = (
			);
			runOnlyForDeploymentPostprocessing = 0;
		};
		03722B322029F0220080D069 /* Frameworks */ = {
			isa = PBXFrameworksBuildPhase;
			buildActionMask = 2147483647;
			files = (
				03722DD8202B3BEC0080D069 /* GameController.framework in Frameworks */,
				03722D862029F2250080D069 /* Foundation.framework in Frameworks */,
				03722D842029F21A0080D069 /* Metal.framework in Frameworks */,
				03722D822029F2150080D069 /* MetalKit.framework in Frameworks */,
				03722D802029F20D0080D069 /* QuartzCore.framework in Frameworks */,
			);
			runOnlyForDeploymentPostprocessing = 0;
		};
/* End PBXFrameworksBuildPhase section */

/* Begin PBXGroup section */
		03722B0F2029F0210080D069 /* Untold4D iOS */ = {
			isa = PBXGroup;
			children = (
				03722B102029F0210080D069 /* AppDelegate.h */,
				03722B112029F0210080D069 /* AppDelegate.mm */,
				03722B132029F0220080D069 /* GameViewController.h */,
				03722B142029F0220080D069 /* GameViewController.mm */,
				03722B162029F0220080D069 /* Main.storyboard */,
				03722B192029F0220080D069 /* LaunchScreen.storyboard */,
				03722B1C2029F0220080D069 /* Info.plist */,
				03722B1D2029F0220080D069 /* main.m */,
			);
			path = "Untold4D iOS";
			sourceTree = "<group>";
		};
		03722B242029F0220080D069 /* Untold4D tvOS */ = {
			isa = PBXGroup;
			children = (
				03722B252029F0220080D069 /* AppDelegate.h */,
				03722B262029F0220080D069 /* AppDelegate.mm */,
				03722B282029F0220080D069 /* GameViewController.h */,
				03722B292029F0220080D069 /* GameViewController.mm */,
				03722B2B2029F0220080D069 /* Main.storyboard */,
				03722B2E2029F0220080D069 /* Info.plist */,
				03722B2F2029F0220080D069 /* main.m */,
			);
			path = "Untold4D tvOS";
			sourceTree = "<group>";
		};
		03722B362029F0220080D069 /* Untold4D macOS */ = {
			isa = PBXGroup;
			children = (
				031413EC2589D03B005BF4A4 /* Untold4D.entitlements */,
				03722B372029F0220080D069 /* AppDelegate.h */,
				03722B382029F0220080D069 /* AppDelegate.mm */,
				03722B3A2029F0220080D069 /* GameViewController.h */,
				03722B3B2029F0220080D069 /* GameViewController.mm */,
				03722B3D2029F0220080D069 /* Main.storyboard */,
				03722B402029F0220080D069 /* Info.plist */,
				03722B412029F0220080D069 /* main.m */,
				0335A4562ACC61C4004987FC /* GameScene.h */,
				0335A4552ACC61C4004987FC /* GameScene.mm */,
			);
			path = "Untold4D macOS";
			sourceTree = "<group>";
		};
		03759B29175B0135002EB5D9 = {
			isa = PBXGroup;
			children = (
				031E6A732AE5BF890073DE04 /* ship.json */,
				031E6A6F2AE5BCCD0073DE04 /* lake.json */,
				030BA1792AE2589600838EA5 /* brdftest.json */,
				03722D872029F4280080D069 /* UntoldEngine-Prefix.pch */,
				039B93F32AC782020047D1A1 /* UntoldEngine4D */,
				037E2066192D3DED00D375F2 /* Resources */,
				03722B0F2029F0210080D069 /* Untold4D iOS */,
				03722B242029F0220080D069 /* Untold4D tvOS */,
				03722B362029F0220080D069 /* Untold4D macOS */,
				03759B37175B0135002EB5D9 /* Frameworks */,
				03759B35175B0135002EB5D9 /* Products */,
			);
			sourceTree = "<group>";
		};
		03759B35175B0135002EB5D9 /* Products */ = {
			isa = PBXGroup;
			children = (
				03722B0E2029F0210080D069 /* Untold4D.app */,
				03722B232029F0220080D069 /* Untold4D.app */,
				03722B352029F0220080D069 /* Untold4D.app */,
			);
			name = Products;
			sourceTree = "<group>";
		};
		03759B37175B0135002EB5D9 /* Frameworks */ = {
			isa = PBXGroup;
			children = (
				03370CE02777BCB5008171BA /* libenet.a */,
				03370D142777BDE4008171BA /* libenet.a */,
				03370CAB27761785008171BA /* libenetlib.a */,
				03FFE91F27745096006DD5A2 /* libenet.a */,
				0376618627558F240098E008 /* ARKit.framework */,
				03722DD7202B3BEB0080D069 /* GameController.framework */,
				03722D852029F2250080D069 /* Foundation.framework */,
				03722D832029F21A0080D069 /* Metal.framework */,
				03722D812029F2150080D069 /* MetalKit.framework */,
				03F2DB201F19471300F77B78 /* QuartzCore.framework */,
				03722D7F2029F20D0080D069 /* QuartzCore.framework */,
				03F2DAC11F1911D000F77B78 /* MetalKit.framework */,
				03F2DABF1F1911CA00F77B78 /* Metal.framework */,
				03759B38175B0135002EB5D9 /* UIKit.framework */,
				03759B3A175B0135002EB5D9 /* Foundation.framework */,
			);
			name = Frameworks;
			sourceTree = "<group>";
		};
		037E2066192D3DED00D375F2 /* Resources */ = {
			isa = PBXGroup;
			children = (
				039B94B02AC785670047D1A1 /* floorchunk.json */,
				039B94B12AC785670047D1A1 /* gameboyvoxel.json */,
				039B94AD2AC785670047D1A1 /* puppy.json */,
				039B94AE2AC785670047D1A1 /* puppy2.json */,
				039B94AF2AC785670047D1A1 /* puppy3.json */,
			);
			path = Resources;
			sourceTree = "<group>";
		};
		039B93F32AC782020047D1A1 /* UntoldEngine4D */ = {
			isa = PBXGroup;
			children = (
				039B93F42AC782020047D1A1 /* Renderer */,
				039B93F72AC782020047D1A1 /* MetalShaders */,
				039B93FF2AC782020047D1A1 /* Entity */,
				039B94012AC782020047D1A1 /* Camera */,
				039B941C2AC782020047D1A1 /* Constants */,
				039B941F2AC782020047D1A1 /* Utils */,
				039B94262AC782020047D1A1 /* Globals.h */,
				039B94272AC782020047D1A1 /* Controller */,
				039B942A2AC782020047D1A1 /* Components */,
				039B94312AC782020047D1A1 /* Light */,
				039B94342AC782020047D1A1 /* Systems */,
			);
			path = UntoldEngine4D;
			sourceTree = "<group>";
		};
		039B93F42AC782020047D1A1 /* Renderer */ = {
			isa = PBXGroup;
			children = (
				039B93F52AC782020047D1A1 /* U4DRenderer.h */,
				039B93F62AC782020047D1A1 /* U4DRenderer.mm */,
			);
			path = Renderer;
			sourceTree = "<group>";
		};
		039B93F72AC782020047D1A1 /* MetalShaders */ = {
			isa = PBXGroup;
			children = (
				039B93F82AC782020047D1A1 /* U4DShaderProtocols.h */,
				039B93F92AC782020047D1A1 /* U4DShaderHelperFunctions.h */,
				039B93FE2AC782020047D1A1 /* U4DShaderHelperFunctions.metal */,
				039B93FA2AC782020047D1A1 /* compositionShader.metal */,
				039B93FB2AC782020047D1A1 /* shadowShader.metal */,
				039B93FC2AC782020047D1A1 /* voxelShader.metal */,
				039B93FD2AC782020047D1A1 /* gridShader.metal */,
			);
			path = MetalShaders;
			sourceTree = "<group>";
		};
		039B93FF2AC782020047D1A1 /* Entity */ = {
			isa = PBXGroup;
			children = (
				039B94002AC782020047D1A1 /* U4DEntity.h */,
			);
			path = Entity;
			sourceTree = "<group>";
		};
		039B94012AC782020047D1A1 /* Camera */ = {
			isa = PBXGroup;
			children = (
				039B94022AC782020047D1A1 /* U4DCamera.mm */,
				039B94032AC782020047D1A1 /* U4DCamera.h */,
			);
			path = Camera;
			sourceTree = "<group>";
		};
		039B941C2AC782020047D1A1 /* Constants */ = {
			isa = PBXGroup;
			children = (
				039B941D2AC782020047D1A1 /* CommonProtocols.h */,
				039B941E2AC782020047D1A1 /* Constants.h */,
			);
			path = Constants;
			sourceTree = "<group>";
		};
		039B941F2AC782020047D1A1 /* Utils */ = {
			isa = PBXGroup;
			children = (
				039B94202AC782020047D1A1 /* U4DUtilsFunctions.mm */,
				039B94252AC782020047D1A1 /* U4DUtilsFunctions.h */,
				039B94212AC782020047D1A1 /* U4DJsonReader.mm */,
				039B94222AC782020047D1A1 /* U4DJsonReader.h */,
				039B94232AC782020047D1A1 /* U4DMathUtils.h */,
				039B94242AC782020047D1A1 /* U4DMathUtils.mm */,
			);
			path = Utils;
			sourceTree = "<group>";
		};
		039B94272AC782020047D1A1 /* Controller */ = {
			isa = PBXGroup;
			children = (
				039B94282AC782020047D1A1 /* U4DController.h */,
				039B94292AC782020047D1A1 /* U4DController.mm */,
			);
			path = Controller;
			sourceTree = "<group>";
		};
		039B942A2AC782020047D1A1 /* Components */ = {
			isa = PBXGroup;
			children = (
				039B942B2AC782020047D1A1 /* U4DComponents.h */,
				039B942C2AC782020047D1A1 /* U4DComponentPool.mm */,
				039B942D2AC782020047D1A1 /* U4DComponentPool.h */,
				039B942E2AC782020047D1A1 /* U4DScene.h */,
				039B942F2AC782020047D1A1 /* U4DScene.mm */,
			);
			path = Components;
			sourceTree = "<group>";
		};
		039B94312AC782020047D1A1 /* Light */ = {
			isa = PBXGroup;
			children = (
				039B94322AC782020047D1A1 /* U4DLight.h */,
				039B94332AC782020047D1A1 /* U4DLight.mm */,
			);
			path = Light;
			sourceTree = "<group>";
		};
		039B94342AC782020047D1A1 /* Systems */ = {
			isa = PBXGroup;
			children = (
				039B94352AC782020047D1A1 /* U4DLoadingSystem.mm */,
				039B94362AC782020047D1A1 /* U4DLoadingSystem.h */,
				039B94372AC782020047D1A1 /* U4DRenderSystem.mm */,
				039B94382AC782020047D1A1 /* U4DTransformSystem.mm */,
				039B94392AC782020047D1A1 /* U4DTransformSystem.h */,
				039B943A2AC782020047D1A1 /* U4DComputeSystem.h */,
				039B943B2AC782020047D1A1 /* U4DRenderSystem.h */,
				039B943C2AC782020047D1A1 /* U4DComputeSystem.mm */,
			);
			path = Systems;
			sourceTree = "<group>";
		};
/* End PBXGroup section */

/* Begin PBXNativeTarget section */
		03722B0D2029F0210080D069 /* Untold4D iOS */ = {
			isa = PBXNativeTarget;
			buildConfigurationList = 03722B522029F0220080D069 /* Build configuration list for PBXNativeTarget "Untold4D iOS" */;
			buildPhases = (
				03722B0A2029F0210080D069 /* Sources */,
				03722B0B2029F0210080D069 /* Frameworks */,
				03722B0C2029F0210080D069 /* Resources */,
			);
			buildRules = (
			);
			dependencies = (
			);
			name = "Untold4D iOS";
			productName = "Untold4D iOS";
			productReference = 03722B0E2029F0210080D069 /* Untold4D.app */;
			productType = "com.apple.product-type.application";
		};
		03722B222029F0220080D069 /* Untold4D tvOS */ = {
			isa = PBXNativeTarget;
			buildConfigurationList = 03722B532029F0220080D069 /* Build configuration list for PBXNativeTarget "Untold4D tvOS" */;
			buildPhases = (
				03722B1F2029F0220080D069 /* Sources */,
				03722B202029F0220080D069 /* Frameworks */,
				03722B212029F0220080D069 /* Resources */,
			);
			buildRules = (
			);
			dependencies = (
			);
			name = "Untold4D tvOS";
			productName = "Untold4D tvOS";
			productReference = 03722B232029F0220080D069 /* Untold4D.app */;
			productType = "com.apple.product-type.application";
		};
		03722B342029F0220080D069 /* Untold4D macOS */ = {
			isa = PBXNativeTarget;
			buildConfigurationList = 03722B542029F0220080D069 /* Build configuration list for PBXNativeTarget "Untold4D macOS" */;
			buildPhases = (
				03722B312029F0220080D069 /* Sources */,
				03722B322029F0220080D069 /* Frameworks */,
				03722B332029F0220080D069 /* Resources */,
			);
			buildRules = (
			);
			dependencies = (
			);
			name = "Untold4D macOS";
			productName = "Untold4D macOS";
			productReference = 03722B352029F0220080D069 /* Untold4D.app */;
			productType = "com.apple.product-type.application";
		};
/* End PBXNativeTarget section */

/* Begin PBXProject section */
		03759B2B175B0135002EB5D9 /* Project object */ = {
			isa = PBXProject;
			attributes = {
				LastUpgradeCheck = 0810;
				ORGANIZATIONNAME = "Untold Engine Studios";
				TargetAttributes = {
					03722B0D2029F0210080D069 = {
						CreatedOnToolsVersion = 9.2;
						DevelopmentTeam = PXXZLXYJ26;
						ProvisioningStyle = Automatic;
					};
					03722B222029F0220080D069 = {
						CreatedOnToolsVersion = 9.2;
						DevelopmentTeam = W9GCJ3HCHT;
						ProvisioningStyle = Automatic;
					};
					03722B342029F0220080D069 = {
						CreatedOnToolsVersion = 9.2;
						DevelopmentTeam = PXXZLXYJ26;
						ProvisioningStyle = Automatic;
					};
				};
			};
			buildConfigurationList = 03759B2E175B0135002EB5D9 /* Build configuration list for PBXProject "UntoldEngine" */;
			compatibilityVersion = "Xcode 3.2";
			developmentRegion = English;
			hasScannedForEncodings = 0;
			knownRegions = (
				English,
				en,
				Base,
			);
			mainGroup = 03759B29175B0135002EB5D9;
			productRefGroup = 03759B35175B0135002EB5D9 /* Products */;
			projectDirPath = "";
			projectRoot = "";
			targets = (
				03722B0D2029F0210080D069 /* Untold4D iOS */,
				03722B222029F0220080D069 /* Untold4D tvOS */,
				03722B342029F0220080D069 /* Untold4D macOS */,
			);
		};
/* End PBXProject section */

/* Begin PBXResourcesBuildPhase section */
		03722B0C2029F0210080D069 /* Resources */ = {
			isa = PBXResourcesBuildPhase;
			buildActionMask = 2147483647;
			files = (
				039B94C32AC785670047D1A1 /* gameboyvoxel.json in Resources */,
				03722B182029F0220080D069 /* Main.storyboard in Resources */,
				03722B1B2029F0220080D069 /* LaunchScreen.storyboard in Resources */,
				039B94BF2AC785670047D1A1 /* floorchunk.json in Resources */,
				039B94B32AC785670047D1A1 /* puppy.json in Resources */,
				039B94BB2AC785670047D1A1 /* puppy3.json in Resources */,
				039B94B72AC785670047D1A1 /* puppy2.json in Resources */,
			);
			runOnlyForDeploymentPostprocessing = 0;
		};
		03722B212029F0220080D069 /* Resources */ = {
			isa = PBXResourcesBuildPhase;
			buildActionMask = 2147483647;
			files = (
				039B94BC2AC785670047D1A1 /* puppy3.json in Resources */,
				039B94B42AC785670047D1A1 /* puppy.json in Resources */,
				039B94B82AC785670047D1A1 /* puppy2.json in Resources */,
				039B94C42AC785670047D1A1 /* gameboyvoxel.json in Resources */,
				039B94C02AC785670047D1A1 /* floorchunk.json in Resources */,
				03722B2D2029F0220080D069 /* Main.storyboard in Resources */,
			);
			runOnlyForDeploymentPostprocessing = 0;
		};
		03722B332029F0220080D069 /* Resources */ = {
			isa = PBXResourcesBuildPhase;
			buildActionMask = 2147483647;
			files = (
				039B94BD2AC785670047D1A1 /* puppy3.json in Resources */,
				031E6A742AE5BF890073DE04 /* ship.json in Resources */,
				030BA17A2AE2589600838EA5 /* brdftest.json in Resources */,
				039B94B52AC785670047D1A1 /* puppy.json in Resources */,
				031E6A702AE5BCCD0073DE04 /* lake.json in Resources */,
				039B94B92AC785670047D1A1 /* puppy2.json in Resources */,
				039B94C52AC785670047D1A1 /* gameboyvoxel.json in Resources */,
				039B94C12AC785670047D1A1 /* floorchunk.json in Resources */,
				03722B3F2029F0220080D069 /* Main.storyboard in Resources */,
			);
			runOnlyForDeploymentPostprocessing = 0;
		};
/* End PBXResourcesBuildPhase section */

/* Begin PBXSourcesBuildPhase section */
		03722B0A2029F0210080D069 /* Sources */ = {
			isa = PBXSourcesBuildPhase;
			buildActionMask = 2147483647;
			files = (
				039B94AA2AC782020047D1A1 /* U4DComputeSystem.mm in Sources */,
				039B94522AC782020047D1A1 /* U4DShaderHelperFunctions.metal in Sources */,
				039B94922AC782020047D1A1 /* U4DComponentPool.mm in Sources */,
				039B949A2AC782020047D1A1 /* U4DLight.mm in Sources */,
				039B94962AC782020047D1A1 /* U4DScene.mm in Sources */,
				039B94A22AC782020047D1A1 /* U4DRenderSystem.mm in Sources */,
				03722B152029F0220080D069 /* GameViewController.mm in Sources */,
				039B94562AC782020047D1A1 /* U4DCamera.mm in Sources */,
				0335A4572ACC61C5004987FC /* GameScene.mm in Sources */,
				039B948A2AC782020047D1A1 /* U4DMathUtils.mm in Sources */,
				039B944A2AC782020047D1A1 /* voxelShader.metal in Sources */,
				039B94A62AC782020047D1A1 /* U4DTransformSystem.mm in Sources */,
				039B94422AC782020047D1A1 /* compositionShader.metal in Sources */,
				03722B1E2029F0220080D069 /* main.m in Sources */,
				039B94862AC782020047D1A1 /* U4DJsonReader.mm in Sources */,
				039B948E2AC782020047D1A1 /* U4DController.mm in Sources */,
				039B943E2AC782020047D1A1 /* U4DRenderer.mm in Sources */,
				039B94462AC782020047D1A1 /* shadowShader.metal in Sources */,
				039B949E2AC782020047D1A1 /* U4DLoadingSystem.mm in Sources */,
				039B944E2AC782020047D1A1 /* gridShader.metal in Sources */,
				039B94822AC782020047D1A1 /* U4DUtilsFunctions.mm in Sources */,
				03722B122029F0220080D069 /* AppDelegate.mm in Sources */,
			);
			runOnlyForDeploymentPostprocessing = 0;
		};
		03722B1F2029F0220080D069 /* Sources */ = {
			isa = PBXSourcesBuildPhase;
			buildActionMask = 2147483647;
			files = (
				039B94AB2AC782020047D1A1 /* U4DComputeSystem.mm in Sources */,
				039B94532AC782020047D1A1 /* U4DShaderHelperFunctions.metal in Sources */,
				039B94932AC782020047D1A1 /* U4DComponentPool.mm in Sources */,
				039B949B2AC782020047D1A1 /* U4DLight.mm in Sources */,
				039B94972AC782020047D1A1 /* U4DScene.mm in Sources */,
				039B94A32AC782020047D1A1 /* U4DRenderSystem.mm in Sources */,
				03722B2A2029F0220080D069 /* GameViewController.mm in Sources */,
				039B94572AC782020047D1A1 /* U4DCamera.mm in Sources */,
				039B948B2AC782020047D1A1 /* U4DMathUtils.mm in Sources */,
				039B944B2AC782020047D1A1 /* voxelShader.metal in Sources */,
				039B94A72AC782020047D1A1 /* U4DTransformSystem.mm in Sources */,
				039B94432AC782020047D1A1 /* compositionShader.metal in Sources */,
				03722B302029F0220080D069 /* main.m in Sources */,
				039B94872AC782020047D1A1 /* U4DJsonReader.mm in Sources */,
				039B948F2AC782020047D1A1 /* U4DController.mm in Sources */,
				039B943F2AC782020047D1A1 /* U4DRenderer.mm in Sources */,
				039B94472AC782020047D1A1 /* shadowShader.metal in Sources */,
				039B949F2AC782020047D1A1 /* U4DLoadingSystem.mm in Sources */,
				039B944F2AC782020047D1A1 /* gridShader.metal in Sources */,
				039B94832AC782020047D1A1 /* U4DUtilsFunctions.mm in Sources */,
				03722B272029F0220080D069 /* AppDelegate.mm in Sources */,
			);
			runOnlyForDeploymentPostprocessing = 0;
		};
		03722B312029F0220080D069 /* Sources */ = {
			isa = PBXSourcesBuildPhase;
			buildActionMask = 2147483647;
			files = (
				039B94AC2AC782020047D1A1 /* U4DComputeSystem.mm in Sources */,
				039B94542AC782020047D1A1 /* U4DShaderHelperFunctions.metal in Sources */,
				039B94942AC782020047D1A1 /* U4DComponentPool.mm in Sources */,
				039B949C2AC782020047D1A1 /* U4DLight.mm in Sources */,
				039B94982AC782020047D1A1 /* U4DScene.mm in Sources */,
				039B94A42AC782020047D1A1 /* U4DRenderSystem.mm in Sources */,
				03722B3C2029F0220080D069 /* GameViewController.mm in Sources */,
				039B94582AC782020047D1A1 /* U4DCamera.mm in Sources */,
				0335A4582ACC61C5004987FC /* GameScene.mm in Sources */,
				039B948C2AC782020047D1A1 /* U4DMathUtils.mm in Sources */,
				039B944C2AC782020047D1A1 /* voxelShader.metal in Sources */,
				039B94A82AC782020047D1A1 /* U4DTransformSystem.mm in Sources */,
				039B94442AC782020047D1A1 /* compositionShader.metal in Sources */,
				03722B422029F0220080D069 /* main.m in Sources */,
				039B94882AC782020047D1A1 /* U4DJsonReader.mm in Sources */,
				039B94902AC782020047D1A1 /* U4DController.mm in Sources */,
				039B94402AC782020047D1A1 /* U4DRenderer.mm in Sources */,
				039B94482AC782020047D1A1 /* shadowShader.metal in Sources */,
				039B94A02AC782020047D1A1 /* U4DLoadingSystem.mm in Sources */,
				039B94502AC782020047D1A1 /* gridShader.metal in Sources */,
				039B94842AC782020047D1A1 /* U4DUtilsFunctions.mm in Sources */,
				03722B392029F0220080D069 /* AppDelegate.mm in Sources */,
			);
			runOnlyForDeploymentPostprocessing = 0;
		};
/* End PBXSourcesBuildPhase section */

/* Begin PBXVariantGroup section */
		03722B162029F0220080D069 /* Main.storyboard */ = {
			isa = PBXVariantGroup;
			children = (
				03722B172029F0220080D069 /* Base */,
			);
			name = Main.storyboard;
			sourceTree = "<group>";
		};
		03722B192029F0220080D069 /* LaunchScreen.storyboard */ = {
			isa = PBXVariantGroup;
			children = (
				03722B1A2029F0220080D069 /* Base */,
			);
			name = LaunchScreen.storyboard;
			sourceTree = "<group>";
		};
		03722B2B2029F0220080D069 /* Main.storyboard */ = {
			isa = PBXVariantGroup;
			children = (
				03722B2C2029F0220080D069 /* Base */,
			);
			name = Main.storyboard;
			sourceTree = "<group>";
		};
		03722B3D2029F0220080D069 /* Main.storyboard */ = {
			isa = PBXVariantGroup;
			children = (
				03722B3E2029F0220080D069 /* Base */,
			);
			name = Main.storyboard;
			sourceTree = "<group>";
		};
/* End PBXVariantGroup section */

/* Begin XCBuildConfiguration section */
		03722B4C2029F0220080D069 /* Debug */ = {
			isa = XCBuildConfiguration;
			buildSettings = {
				ASSETCATALOG_COMPILER_APPICON_NAME = AppIcon;
				CLANG_ANALYZER_NONNULL = YES;
				CLANG_ANALYZER_NUMBER_OBJECT_CONVERSION = YES_AGGRESSIVE;
				CLANG_CXX_LANGUAGE_STANDARD = "gnu++14";
				CLANG_ENABLE_MODULES = YES;
				CLANG_ENABLE_OBJC_ARC = NO;
				CLANG_WARN_BLOCK_CAPTURE_AUTORELEASING = YES;
				CLANG_WARN_COMMA = YES;
				CLANG_WARN_DIRECT_OBJC_ISA_USAGE = YES_ERROR;
				CLANG_WARN_DOCUMENTATION_COMMENTS = NO;
				CLANG_WARN_NON_LITERAL_NULL_CONVERSION = YES;
				CLANG_WARN_OBJC_LITERAL_CONVERSION = YES;
				CLANG_WARN_OBJC_ROOT_CLASS = YES_ERROR;
				CLANG_WARN_RANGE_LOOP_ANALYSIS = YES;
				CLANG_WARN_STRICT_PROTOTYPES = YES;
				CLANG_WARN_UNGUARDED_AVAILABILITY = YES_AGGRESSIVE;
				CODE_SIGN_IDENTITY = "iPhone Developer";
				CODE_SIGN_STYLE = Automatic;
				DEBUG_INFORMATION_FORMAT = dwarf;
				DEVELOPMENT_TEAM = PXXZLXYJ26;
				EXCLUDED_SOURCE_FILE_NAMES = (
					U4DEditorPass.mm,
					U4DEditorPass.h,
					"*/Imgui/*",
				);
				GCC_C_LANGUAGE_STANDARD = gnu11;
				GCC_PREFIX_HEADER = "$(SRCROOT)/UntoldEngine-Prefix.pch";
				GCC_WARN_ABOUT_RETURN_TYPE = YES;
				GCC_WARN_UNINITIALIZED_AUTOS = YES_AGGRESSIVE;
				INFOPLIST_FILE = "Untold4D iOS/Info.plist";
				IPHONEOS_DEPLOYMENT_TARGET = 14.5;
				LD_RUNPATH_SEARCH_PATHS = "$(inherited) @executable_path/Frameworks";
				LIBRARY_SEARCH_PATHS = "$(inherited)";
				MTL_ENABLE_DEBUG_INFO = YES;
				PRODUCT_BUNDLE_IDENTIFIER = com.UntoldEngine.Untold4D;
				PRODUCT_NAME = Untold4D;
				SDKROOT = iphoneos;
				TARGETED_DEVICE_FAMILY = 1;
			};
			name = Debug;
		};
		03722B4D2029F0220080D069 /* Release */ = {
			isa = XCBuildConfiguration;
			buildSettings = {
				ASSETCATALOG_COMPILER_APPICON_NAME = AppIcon;
				CLANG_ANALYZER_NONNULL = YES;
				CLANG_ANALYZER_NUMBER_OBJECT_CONVERSION = YES_AGGRESSIVE;
				CLANG_CXX_LANGUAGE_STANDARD = "gnu++14";
				CLANG_ENABLE_MODULES = YES;
				CLANG_ENABLE_OBJC_ARC = NO;
				CLANG_WARN_BLOCK_CAPTURE_AUTORELEASING = YES;
				CLANG_WARN_COMMA = YES;
				CLANG_WARN_DIRECT_OBJC_ISA_USAGE = YES_ERROR;
				CLANG_WARN_DOCUMENTATION_COMMENTS = NO;
				CLANG_WARN_NON_LITERAL_NULL_CONVERSION = YES;
				CLANG_WARN_OBJC_LITERAL_CONVERSION = YES;
				CLANG_WARN_OBJC_ROOT_CLASS = YES_ERROR;
				CLANG_WARN_RANGE_LOOP_ANALYSIS = YES;
				CLANG_WARN_STRICT_PROTOTYPES = YES;
				CLANG_WARN_UNGUARDED_AVAILABILITY = YES_AGGRESSIVE;
				CODE_SIGN_IDENTITY = "iPhone Developer";
				CODE_SIGN_STYLE = Automatic;
				COPY_PHASE_STRIP = NO;
				DEBUG_INFORMATION_FORMAT = "dwarf-with-dsym";
				DEVELOPMENT_TEAM = PXXZLXYJ26;
				ENABLE_NS_ASSERTIONS = NO;
				EXCLUDED_SOURCE_FILE_NAMES = (
					U4DEditorPass.mm,
					U4DEditorPass.h,
					"*/Imgui/*",
				);
				GCC_C_LANGUAGE_STANDARD = gnu11;
				GCC_PREFIX_HEADER = "$(SRCROOT)/UntoldEngine-Prefix.pch";
				GCC_WARN_ABOUT_RETURN_TYPE = YES;
				GCC_WARN_UNINITIALIZED_AUTOS = YES_AGGRESSIVE;
				INFOPLIST_FILE = "Untold4D iOS/Info.plist";
				IPHONEOS_DEPLOYMENT_TARGET = 14.5;
				LD_RUNPATH_SEARCH_PATHS = "$(inherited) @executable_path/Frameworks";
				LIBRARY_SEARCH_PATHS = "$(inherited)";
				MTL_ENABLE_DEBUG_INFO = NO;
				PRODUCT_BUNDLE_IDENTIFIER = com.UntoldEngine.Untold4D;
				PRODUCT_NAME = Untold4D;
				SDKROOT = iphoneos;
				TARGETED_DEVICE_FAMILY = 1;
				VALIDATE_PRODUCT = YES;
			};
			name = Release;
		};
		03722B4E2029F0220080D069 /* Debug */ = {
			isa = XCBuildConfiguration;
			buildSettings = {
				ASSETCATALOG_COMPILER_APPICON_NAME = "tvOS App Icon & Top Shelf Image";
				ASSETCATALOG_COMPILER_LAUNCHIMAGE_NAME = "tvOS LaunchImage";
				CLANG_ANALYZER_NONNULL = YES;
				CLANG_ANALYZER_NUMBER_OBJECT_CONVERSION = YES_AGGRESSIVE;
				CLANG_CXX_LANGUAGE_STANDARD = "gnu++14";
				CLANG_ENABLE_MODULES = YES;
				CLANG_ENABLE_OBJC_ARC = YES;
				CLANG_WARN_BLOCK_CAPTURE_AUTORELEASING = YES;
				CLANG_WARN_COMMA = YES;
				CLANG_WARN_DIRECT_OBJC_ISA_USAGE = YES_ERROR;
				CLANG_WARN_DOCUMENTATION_COMMENTS = YES;
				CLANG_WARN_NON_LITERAL_NULL_CONVERSION = YES;
				CLANG_WARN_OBJC_LITERAL_CONVERSION = YES;
				CLANG_WARN_OBJC_ROOT_CLASS = YES_ERROR;
				CLANG_WARN_RANGE_LOOP_ANALYSIS = YES;
				CLANG_WARN_STRICT_PROTOTYPES = YES;
				CLANG_WARN_UNGUARDED_AVAILABILITY = YES_AGGRESSIVE;
				CODE_SIGN_STYLE = Automatic;
				DEBUG_INFORMATION_FORMAT = dwarf;
				DEVELOPMENT_TEAM = W9GCJ3HCHT;
				GCC_C_LANGUAGE_STANDARD = gnu11;
				GCC_WARN_ABOUT_RETURN_TYPE = YES_ERROR;
				GCC_WARN_UNINITIALIZED_AUTOS = YES_AGGRESSIVE;
				INFOPLIST_FILE = "Untold4D tvOS/Info.plist";
				LD_RUNPATH_SEARCH_PATHS = "$(inherited) @executable_path/Frameworks";
				MTL_ENABLE_DEBUG_INFO = YES;
				PRODUCT_BUNDLE_IDENTIFIER = com.bps.UntoldEngine.Untold4D;
				PRODUCT_NAME = Untold4D;
				SDKROOT = appletvos;
				TARGETED_DEVICE_FAMILY = 3;
				TVOS_DEPLOYMENT_TARGET = 11.2;
			};
			name = Debug;
		};
		03722B4F2029F0220080D069 /* Release */ = {
			isa = XCBuildConfiguration;
			buildSettings = {
				ASSETCATALOG_COMPILER_APPICON_NAME = "tvOS App Icon & Top Shelf Image";
				ASSETCATALOG_COMPILER_LAUNCHIMAGE_NAME = "tvOS LaunchImage";
				CLANG_ANALYZER_NONNULL = YES;
				CLANG_ANALYZER_NUMBER_OBJECT_CONVERSION = YES_AGGRESSIVE;
				CLANG_CXX_LANGUAGE_STANDARD = "gnu++14";
				CLANG_ENABLE_MODULES = YES;
				CLANG_ENABLE_OBJC_ARC = YES;
				CLANG_WARN_BLOCK_CAPTURE_AUTORELEASING = YES;
				CLANG_WARN_COMMA = YES;
				CLANG_WARN_DIRECT_OBJC_ISA_USAGE = YES_ERROR;
				CLANG_WARN_DOCUMENTATION_COMMENTS = YES;
				CLANG_WARN_NON_LITERAL_NULL_CONVERSION = YES;
				CLANG_WARN_OBJC_LITERAL_CONVERSION = YES;
				CLANG_WARN_OBJC_ROOT_CLASS = YES_ERROR;
				CLANG_WARN_RANGE_LOOP_ANALYSIS = YES;
				CLANG_WARN_STRICT_PROTOTYPES = YES;
				CLANG_WARN_UNGUARDED_AVAILABILITY = YES_AGGRESSIVE;
				CODE_SIGN_STYLE = Automatic;
				COPY_PHASE_STRIP = NO;
				DEBUG_INFORMATION_FORMAT = "dwarf-with-dsym";
				DEVELOPMENT_TEAM = W9GCJ3HCHT;
				ENABLE_NS_ASSERTIONS = NO;
				GCC_C_LANGUAGE_STANDARD = gnu11;
				GCC_WARN_ABOUT_RETURN_TYPE = YES_ERROR;
				GCC_WARN_UNINITIALIZED_AUTOS = YES_AGGRESSIVE;
				INFOPLIST_FILE = "Untold4D tvOS/Info.plist";
				LD_RUNPATH_SEARCH_PATHS = "$(inherited) @executable_path/Frameworks";
				MTL_ENABLE_DEBUG_INFO = NO;
				PRODUCT_BUNDLE_IDENTIFIER = com.bps.UntoldEngine.Untold4D;
				PRODUCT_NAME = Untold4D;
				SDKROOT = appletvos;
				TARGETED_DEVICE_FAMILY = 3;
				TVOS_DEPLOYMENT_TARGET = 11.2;
				VALIDATE_PRODUCT = YES;
			};
			name = Release;
		};
		03722B502029F0220080D069 /* Debug */ = {
			isa = XCBuildConfiguration;
			buildSettings = {
				ASSETCATALOG_COMPILER_APPICON_NAME = AppIcon;
				CLANG_ANALYZER_NONNULL = YES;
				CLANG_ANALYZER_NUMBER_OBJECT_CONVERSION = YES_AGGRESSIVE;
				CLANG_CXX_LANGUAGE_STANDARD = "gnu++14";
				CLANG_ENABLE_MODULES = YES;
				CLANG_ENABLE_OBJC_ARC = NO;
				CLANG_WARN_BLOCK_CAPTURE_AUTORELEASING = YES;
				CLANG_WARN_COMMA = YES;
				CLANG_WARN_DIRECT_OBJC_ISA_USAGE = YES_ERROR;
				CLANG_WARN_DOCUMENTATION_COMMENTS = NO;
				CLANG_WARN_NON_LITERAL_NULL_CONVERSION = YES;
				CLANG_WARN_OBJC_LITERAL_CONVERSION = YES;
				CLANG_WARN_OBJC_ROOT_CLASS = YES_ERROR;
				CLANG_WARN_RANGE_LOOP_ANALYSIS = YES;
				CLANG_WARN_STRICT_PROTOTYPES = YES;
				CLANG_WARN_UNGUARDED_AVAILABILITY = YES_AGGRESSIVE;
				CODE_SIGN_ENTITLEMENTS = "Untold4D macOS/Untold4D.entitlements";
				CODE_SIGN_IDENTITY = "Mac Developer";
				CODE_SIGN_STYLE = Automatic;
				COMBINE_HIDPI_IMAGES = YES;
				DEBUG_INFORMATION_FORMAT = dwarf;
				DEVELOPMENT_TEAM = PXXZLXYJ26;
				GCC_C_LANGUAGE_STANDARD = gnu11;
				GCC_PREFIX_HEADER = "$(SRCROOT)/UntoldEngine-Prefix.pch";
				GCC_WARN_ABOUT_RETURN_TYPE = NO;
				GCC_WARN_UNINITIALIZED_AUTOS = YES_AGGRESSIVE;
				INFOPLIST_FILE = "Untold4D macOS/Info.plist";
				LD_RUNPATH_SEARCH_PATHS = "$(inherited) @executable_path/../Frameworks";
				LIBRARY_SEARCH_PATHS = "$(inherited)";
				MACOSX_DEPLOYMENT_TARGET = 13.3;
				MTL_ENABLE_DEBUG_INFO = INCLUDE_SOURCE;
				PRODUCT_BUNDLE_IDENTIFIER = com.UntoldEngine.Untold4D;
				PRODUCT_NAME = Untold4D;
				PROVISIONING_PROFILE_SPECIFIER = "";
				SDKROOT = macosx;
			};
			name = Debug;
		};
		03722B512029F0220080D069 /* Release */ = {
			isa = XCBuildConfiguration;
			buildSettings = {
				ASSETCATALOG_COMPILER_APPICON_NAME = AppIcon;
				CLANG_ANALYZER_NONNULL = YES;
				CLANG_ANALYZER_NUMBER_OBJECT_CONVERSION = YES_AGGRESSIVE;
				CLANG_CXX_LANGUAGE_STANDARD = "gnu++14";
				CLANG_ENABLE_MODULES = YES;
				CLANG_ENABLE_OBJC_ARC = NO;
				CLANG_WARN_BLOCK_CAPTURE_AUTORELEASING = YES;
				CLANG_WARN_COMMA = YES;
				CLANG_WARN_DIRECT_OBJC_ISA_USAGE = YES_ERROR;
				CLANG_WARN_DOCUMENTATION_COMMENTS = NO;
				CLANG_WARN_NON_LITERAL_NULL_CONVERSION = YES;
				CLANG_WARN_OBJC_LITERAL_CONVERSION = YES;
				CLANG_WARN_OBJC_ROOT_CLASS = YES_ERROR;
				CLANG_WARN_RANGE_LOOP_ANALYSIS = YES;
				CLANG_WARN_STRICT_PROTOTYPES = YES;
				CLANG_WARN_UNGUARDED_AVAILABILITY = YES_AGGRESSIVE;
				CODE_SIGN_ENTITLEMENTS = "Untold4D macOS/Untold4D.entitlements";
				CODE_SIGN_IDENTITY = "Mac Developer";
				CODE_SIGN_STYLE = Automatic;
				COMBINE_HIDPI_IMAGES = YES;
				COPY_PHASE_STRIP = NO;
				DEBUG_INFORMATION_FORMAT = "dwarf-with-dsym";
				DEVELOPMENT_TEAM = PXXZLXYJ26;
				ENABLE_NS_ASSERTIONS = NO;
				GCC_C_LANGUAGE_STANDARD = gnu11;
				GCC_PREFIX_HEADER = "$(SRCROOT)/UntoldEngine-Prefix.pch";
				GCC_WARN_ABOUT_RETURN_TYPE = NO;
				GCC_WARN_UNINITIALIZED_AUTOS = YES_AGGRESSIVE;
				INFOPLIST_FILE = "Untold4D macOS/Info.plist";
				LD_RUNPATH_SEARCH_PATHS = "$(inherited) @executable_path/../Frameworks";
				LIBRARY_SEARCH_PATHS = "$(inherited)";
				MACOSX_DEPLOYMENT_TARGET = 13.3;
				MTL_ENABLE_DEBUG_INFO = NO;
				PRODUCT_BUNDLE_IDENTIFIER = com.UntoldEngine.Untold4D;
				PRODUCT_NAME = Untold4D;
				PROVISIONING_PROFILE_SPECIFIER = "";
				SDKROOT = macosx;
			};
			name = Release;
		};
		03759B61175B0135002EB5D9 /* Debug */ = {
			isa = XCBuildConfiguration;
			buildSettings = {
				ALWAYS_SEARCH_USER_PATHS = NO;
				CLANG_CXX_LANGUAGE_STANDARD = "gnu++0x";
				CLANG_CXX_LIBRARY = "libc++";
				CLANG_WARN_BOOL_CONVERSION = YES;
				CLANG_WARN_CONSTANT_CONVERSION = YES;
				CLANG_WARN_EMPTY_BODY = YES;
				CLANG_WARN_ENUM_CONVERSION = YES;
				CLANG_WARN_INFINITE_RECURSION = YES;
				CLANG_WARN_INT_CONVERSION = YES;
				CLANG_WARN_SUSPICIOUS_MOVE = YES;
				CLANG_WARN_UNREACHABLE_CODE = YES;
				CLANG_WARN__DUPLICATE_METHOD_MATCH = YES;
				"CODE_SIGN_IDENTITY[sdk=iphoneos*]" = "iPhone Developer";
				COMPRESS_PNG_FILES = NO;
				COPY_PHASE_STRIP = NO;
				ENABLE_STRICT_OBJC_MSGSEND = YES;
				ENABLE_TESTABILITY = YES;
				GCC_C_LANGUAGE_STANDARD = gnu99;
				GCC_DYNAMIC_NO_PIC = NO;
				GCC_NO_COMMON_BLOCKS = YES;
				GCC_OPTIMIZATION_LEVEL = 0;
				GCC_PREFIX_HEADER = "$(SRCROOT)/$(PROJECT_NAME)/UntoldEngine-Prefix.pch";
				GCC_PREPROCESSOR_DEFINITIONS = (
					"DEBUG=1",
					"$(inherited)",
				);
				GCC_SYMBOLS_PRIVATE_EXTERN = NO;
				GCC_WARN_64_TO_32_BIT_CONVERSION = YES;
				GCC_WARN_ABOUT_RETURN_TYPE = YES;
				GCC_WARN_UNDECLARED_SELECTOR = YES;
				GCC_WARN_UNINITIALIZED_AUTOS = YES;
				GCC_WARN_UNUSED_FUNCTION = YES;
				GCC_WARN_UNUSED_VARIABLE = YES;
				IPHONEOS_DEPLOYMENT_TARGET = 11.0;
				MACOSX_DEPLOYMENT_TARGET = 13.3;
				ONLY_ACTIVE_ARCH = YES;
				"PROVISIONING_PROFILE[sdk=iphoneos*]" = "";
				SDKROOT = iphoneos;
				STRIP_PNG_TEXT = NO;
				TARGETED_DEVICE_FAMILY = "1,2";
			};
			name = Debug;
		};
		03759B62175B0135002EB5D9 /* Release */ = {
			isa = XCBuildConfiguration;
			buildSettings = {
				ALWAYS_SEARCH_USER_PATHS = NO;
				CLANG_CXX_LANGUAGE_STANDARD = "gnu++0x";
				CLANG_CXX_LIBRARY = "libc++";
				CLANG_WARN_BOOL_CONVERSION = YES;
				CLANG_WARN_CONSTANT_CONVERSION = YES;
				CLANG_WARN_EMPTY_BODY = YES;
				CLANG_WARN_ENUM_CONVERSION = YES;
				CLANG_WARN_INFINITE_RECURSION = YES;
				CLANG_WARN_INT_CONVERSION = YES;
				CLANG_WARN_SUSPICIOUS_MOVE = YES;
				CLANG_WARN_UNREACHABLE_CODE = YES;
				CLANG_WARN__DUPLICATE_METHOD_MATCH = YES;
				"CODE_SIGN_IDENTITY[sdk=iphoneos*]" = "iPhone Developer";
				COMPRESS_PNG_FILES = NO;
				COPY_PHASE_STRIP = YES;
				ENABLE_STRICT_OBJC_MSGSEND = YES;
				GCC_C_LANGUAGE_STANDARD = gnu99;
				GCC_NO_COMMON_BLOCKS = YES;
				GCC_PREFIX_HEADER = "$(SRCROOT)/$(PROJECT_NAME)/UntoldEngine-Prefix.pch";
				GCC_WARN_64_TO_32_BIT_CONVERSION = YES;
				GCC_WARN_ABOUT_RETURN_TYPE = YES;
				GCC_WARN_UNDECLARED_SELECTOR = YES;
				GCC_WARN_UNINITIALIZED_AUTOS = YES;
				GCC_WARN_UNUSED_FUNCTION = YES;
				GCC_WARN_UNUSED_VARIABLE = YES;
				IPHONEOS_DEPLOYMENT_TARGET = 11.0;
				MACOSX_DEPLOYMENT_TARGET = 13.3;
				OTHER_CFLAGS = "-DNS_BLOCK_ASSERTIONS=1";
				"PROVISIONING_PROFILE[sdk=iphoneos*]" = "";
				SDKROOT = iphoneos;
				STRIP_PNG_TEXT = NO;
				TARGETED_DEVICE_FAMILY = "1,2";
				VALIDATE_PRODUCT = YES;
			};
			name = Release;
		};
/* End XCBuildConfiguration section */

/* Begin XCConfigurationList section */
		03722B522029F0220080D069 /* Build configuration list for PBXNativeTarget "Untold4D iOS" */ = {
			isa = XCConfigurationList;
			buildConfigurations = (
				03722B4C2029F0220080D069 /* Debug */,
				03722B4D2029F0220080D069 /* Release */,
			);
			defaultConfigurationIsVisible = 0;
			defaultConfigurationName = Release;
		};
		03722B532029F0220080D069 /* Build configuration list for PBXNativeTarget "Untold4D tvOS" */ = {
			isa = XCConfigurationList;
			buildConfigurations = (
				03722B4E2029F0220080D069 /* Debug */,
				03722B4F2029F0220080D069 /* Release */,
			);
			defaultConfigurationIsVisible = 0;
			defaultConfigurationName = Release;
		};
		03722B542029F0220080D069 /* Build configuration list for PBXNativeTarget "Untold4D macOS" */ = {
			isa = XCConfigurationList;
			buildConfigurations = (
				03722B502029F0220080D069 /* Debug */,
				03722B512029F0220080D069 /* Release */,
			);
			defaultConfigurationIsVisible = 0;
			defaultConfigurationName = Release;
		};
		03759B2E175B0135002EB5D9 /* Build configuration list for PBXProject "UntoldEngine" */ = {
			isa = XCConfigurationList;
			buildConfigurations = (
				03759B61175B0135002EB5D9 /* Debug */,
				03759B62175B0135002EB5D9 /* Release */,
			);
			defaultConfigurationIsVisible = 0;
			defaultConfigurationName = Release;
		};
/* End XCConfigurationList section */
	};
	rootObject = 03759B2B175B0135002EB5D9 /* Project object */;
}
